// !$*UTF8*$!
{
	archiveVersion = 1;
	classes = {
	};
	objectVersion = 52;
	objects = {

/* Begin PBXBuildFile section */
		7CD2AF8CE14D0E4845DF62DB /* Pods_CRI.framework in Frameworks */ = {isa = PBXBuildFile; fileRef = 0748DFC8E204F51526602B82 /* Pods_CRI.framework */; };
		B42F70E5244AB55500A7AD23 /* CustomTextField.swift in Sources */ = {isa = PBXBuildFile; fileRef = B42F70E4244AB55500A7AD23 /* CustomTextField.swift */; };
		B43B672224479898009ADCAE /* SearchSheetViewModifier.swift in Sources */ = {isa = PBXBuildFile; fileRef = B43B672124479898009ADCAE /* SearchSheetViewModifier.swift */; };
		B43B672424479936009ADCAE /* SearchSheet.swift in Sources */ = {isa = PBXBuildFile; fileRef = B43B672324479936009ADCAE /* SearchSheet.swift */; };
		B43CAC89243BE4AD000B84FA /* ImageView.swift in Sources */ = {isa = PBXBuildFile; fileRef = B43CAC88243BE4AD000B84FA /* ImageView.swift */; };
		B43CAC8B243BE4C7000B84FA /* ImageLoader.swift in Sources */ = {isa = PBXBuildFile; fileRef = B43CAC8A243BE4C7000B84FA /* ImageLoader.swift */; };
		B43CAC8D243C09F1000B84FA /* Stars.swift in Sources */ = {isa = PBXBuildFile; fileRef = B43CAC8C243C09F1000B84FA /* Stars.swift */; };
		B43CAC90243CF296000B84FA /* AddProductView.swift in Sources */ = {isa = PBXBuildFile; fileRef = B43CAC8F243CF296000B84FA /* AddProductView.swift */; };
		B44136D6243906CD00F3C1C4 /* GoogleService-Info.plist in Resources */ = {isa = PBXBuildFile; fileRef = B44136D5243906CD00F3C1C4 /* GoogleService-Info.plist */; };
		B44136D8243A2C9D00F3C1C4 /* Product.swift in Sources */ = {isa = PBXBuildFile; fileRef = B44136D7243A2C9D00F3C1C4 /* Product.swift */; };
		B44136DA243BD32200F3C1C4 /* ProductCardCell.swift in Sources */ = {isa = PBXBuildFile; fileRef = B44136D9243BD32200F3C1C4 /* ProductCardCell.swift */; };
		B446647F242FECBA003F79CC /* Colors.xcassets in Resources */ = {isa = PBXBuildFile; fileRef = B446647E242FECBA003F79CC /* Colors.xcassets */; };
		B4466481242FF664003F79CC /* CategoryPickerView.swift in Sources */ = {isa = PBXBuildFile; fileRef = B4466480242FF664003F79CC /* CategoryPickerView.swift */; };
		B446DAD9247CD46C00DAA936 /* AddReview.swift in Sources */ = {isa = PBXBuildFile; fileRef = B446DAD8247CD46C00DAA936 /* AddReview.swift */; };
		B47B07F524225A200046ACF2 /* AppDelegate.swift in Sources */ = {isa = PBXBuildFile; fileRef = B47B07F424225A200046ACF2 /* AppDelegate.swift */; };
		B47B07F724225A200046ACF2 /* SceneDelegate.swift in Sources */ = {isa = PBXBuildFile; fileRef = B47B07F624225A200046ACF2 /* SceneDelegate.swift */; };
		B47B07F924225A200046ACF2 /* ExploreView.swift in Sources */ = {isa = PBXBuildFile; fileRef = B47B07F824225A200046ACF2 /* ExploreView.swift */; };
		B47B07FB24225A210046ACF2 /* Assets.xcassets in Resources */ = {isa = PBXBuildFile; fileRef = B47B07FA24225A210046ACF2 /* Assets.xcassets */; };
		B47B07FE24225A210046ACF2 /* Preview Assets.xcassets in Resources */ = {isa = PBXBuildFile; fileRef = B47B07FD24225A210046ACF2 /* Preview Assets.xcassets */; };
		B47B080124225A210046ACF2 /* LaunchScreen.storyboard in Resources */ = {isa = PBXBuildFile; fileRef = B47B07FF24225A210046ACF2 /* LaunchScreen.storyboard */; };
		B47B080C24225A210046ACF2 /* CRITests.swift in Sources */ = {isa = PBXBuildFile; fileRef = B47B080B24225A210046ACF2 /* CRITests.swift */; };
		B47B081724225A210046ACF2 /* CRIUITests.swift in Sources */ = {isa = PBXBuildFile; fileRef = B47B081624225A210046ACF2 /* CRIUITests.swift */; };
		B47F8C8C24424FCF008961F5 /* PartialSheet in Frameworks */ = {isa = PBXBuildFile; productRef = B47F8C8B24424FCF008961F5 /* PartialSheet */; };
		B47F8C942442AA2A008961F5 /* UserData.swift in Sources */ = {isa = PBXBuildFile; fileRef = B47F8C8F2442AA2A008961F5 /* UserData.swift */; };
		B47F8C952442AA2A008961F5 /* UserDataKeychain.swift in Sources */ = {isa = PBXBuildFile; fileRef = B47F8C902442AA2A008961F5 /* UserDataKeychain.swift */; };
		B47F8C962442AA2A008961F5 /* Keychain.swift in Sources */ = {isa = PBXBuildFile; fileRef = B47F8C912442AA2A008961F5 /* Keychain.swift */; };
		B47F8C972442AA2A008961F5 /* SharedWebCredential.swift in Sources */ = {isa = PBXBuildFile; fileRef = B47F8C922442AA2A008961F5 /* SharedWebCredential.swift */; };
		B47F8C982442AA2A008961F5 /* SignInWithAppleToFirebase.swift in Sources */ = {isa = PBXBuildFile; fileRef = B47F8C932442AA2A008961F5 /* SignInWithAppleToFirebase.swift */; };
		B47F8C9D24434E98008961F5 /* AuthenticationService.swift in Sources */ = {isa = PBXBuildFile; fileRef = B47F8C9C24434E98008961F5 /* AuthenticationService.swift */; };
		B47F8C9F2443B17F008961F5 /* ProfileView.swift in Sources */ = {isa = PBXBuildFile; fileRef = B47F8C9E2443B17F008961F5 /* ProfileView.swift */; };
		B47F8CA12443BEDC008961F5 /* AnonProfileButton.swift in Sources */ = {isa = PBXBuildFile; fileRef = B47F8CA02443BEDC008961F5 /* AnonProfileButton.swift */; };
		B48961C1243DE31500DA988F /* ImagePicker.swift in Sources */ = {isa = PBXBuildFile; fileRef = B48961C0243DE31500DA988F /* ImagePicker.swift */; };
		B48961CD243FD34500DA988F /* icons8-dispenser.pdf in Resources */ = {isa = PBXBuildFile; fileRef = B48961C4243FD34500DA988F /* icons8-dispenser.pdf */; };
		B48961CE243FD34500DA988F /* icons8-doughnut.pdf in Resources */ = {isa = PBXBuildFile; fileRef = B48961C5243FD34500DA988F /* icons8-doughnut.pdf */; };
		B48961CF243FD34500DA988F /* icons8-iqos.pdf in Resources */ = {isa = PBXBuildFile; fileRef = B48961C6243FD34500DA988F /* icons8-iqos.pdf */; };
		B48961D0243FD34500DA988F /* icons8-color-dropper.pdf in Resources */ = {isa = PBXBuildFile; fileRef = B48961C7243FD34500DA988F /* icons8-color-dropper.pdf */; };
		B48961D1243FD34500DA988F /* icons8-cat-pot.pdf in Resources */ = {isa = PBXBuildFile; fileRef = B48961C8243FD34500DA988F /* icons8-cat-pot.pdf */; };
		B48961D2243FD34500DA988F /* icons8-plus.pdf in Resources */ = {isa = PBXBuildFile; fileRef = B48961C9243FD34500DA988F /* icons8-plus.pdf */; };
		B48961D3243FD34500DA988F /* icons8-dose.pdf in Resources */ = {isa = PBXBuildFile; fileRef = B48961CA243FD34500DA988F /* icons8-dose.pdf */; };
		B48961D4243FD34500DA988F /* icons8-star-96.png in Resources */ = {isa = PBXBuildFile; fileRef = B48961CB243FD34500DA988F /* icons8-star-96.png */; };
		B48961DB243FD37F00DA988F /* AirbnbCereal-Bold.ttf in Resources */ = {isa = PBXBuildFile; fileRef = B48961D5243FD37F00DA988F /* AirbnbCereal-Bold.ttf */; };
		B48961DC243FD37F00DA988F /* AirbnbCereal-Black.ttf in Resources */ = {isa = PBXBuildFile; fileRef = B48961D6243FD37F00DA988F /* AirbnbCereal-Black.ttf */; };
		B48961DD243FD37F00DA988F /* AirbnbCereal-Book.ttf in Resources */ = {isa = PBXBuildFile; fileRef = B48961D7243FD37F00DA988F /* AirbnbCereal-Book.ttf */; };
		B48961DE243FD37F00DA988F /* AirbnbCereal-Medium.ttf in Resources */ = {isa = PBXBuildFile; fileRef = B48961D8243FD37F00DA988F /* AirbnbCereal-Medium.ttf */; };
		B48961DF243FD37F00DA988F /* AirbnbCereal-ExtraBold.ttf in Resources */ = {isa = PBXBuildFile; fileRef = B48961D9243FD37F00DA988F /* AirbnbCereal-ExtraBold.ttf */; };
		B48961E0243FD37F00DA988F /* AirbnbCereal-Light.ttf in Resources */ = {isa = PBXBuildFile; fileRef = B48961DA243FD37F00DA988F /* AirbnbCereal-Light.ttf */; };
		B48961E22440A1AF00DA988F /* icons8-user.pdf in Resources */ = {isa = PBXBuildFile; fileRef = B48961E12440A1AF00DA988F /* icons8-user.pdf */; };
		B49032692426602300A09CB3 /* CategoryPickerCell.swift in Sources */ = {isa = PBXBuildFile; fileRef = B49032682426602300A09CB3 /* CategoryPickerCell.swift */; };
		B4A23E6A246713100042E7D3 /* ProductDetailView.swift in Sources */ = {isa = PBXBuildFile; fileRef = B4A23E69246713100042E7D3 /* ProductDetailView.swift */; };
		B4D10E8D2454203400C3B813 /* Fuzzy in Frameworks */ = {isa = PBXBuildFile; productRef = B4D10E8C2454203400C3B813 /* Fuzzy */; };
		B4F6D64C2482D84100D6DDB0 /* Review.swift in Sources */ = {isa = PBXBuildFile; fileRef = B4F6D64B2482D84100D6DDB0 /* Review.swift */; };
		C5D88415C22B89CA5FA7FE61 /* Pods_CRITests.framework in Frameworks */ = {isa = PBXBuildFile; fileRef = 50D317EFD27A8BF7AABE682E /* Pods_CRITests.framework */; };
		DF7DB357FC603DAF37EF85C8 /* Pods_CRI_CRIUITests.framework in Frameworks */ = {isa = PBXBuildFile; fileRef = 6FAE57C5A1AB001D277D3BC5 /* Pods_CRI_CRIUITests.framework */; };
/* End PBXBuildFile section */

/* Begin PBXContainerItemProxy section */
		B47B080824225A210046ACF2 /* PBXContainerItemProxy */ = {
			isa = PBXContainerItemProxy;
			containerPortal = B47B07E924225A200046ACF2 /* Project object */;
			proxyType = 1;
			remoteGlobalIDString = B47B07F024225A200046ACF2;
			remoteInfo = CRI;
		};
		B47B081324225A210046ACF2 /* PBXContainerItemProxy */ = {
			isa = PBXContainerItemProxy;
			containerPortal = B47B07E924225A200046ACF2 /* Project object */;
			proxyType = 1;
			remoteGlobalIDString = B47B07F024225A200046ACF2;
			remoteInfo = CRI;
		};
/* End PBXContainerItemProxy section */

/* Begin PBXFileReference section */
		032F65386D46CEC3546ABEB5 /* Pods-CRITests.release.xcconfig */ = {isa = PBXFileReference; includeInIndex = 1; lastKnownFileType = text.xcconfig; name = "Pods-CRITests.release.xcconfig"; path = "Target Support Files/Pods-CRITests/Pods-CRITests.release.xcconfig"; sourceTree = "<group>"; };
		0748DFC8E204F51526602B82 /* Pods_CRI.framework */ = {isa = PBXFileReference; explicitFileType = wrapper.framework; includeInIndex = 0; path = Pods_CRI.framework; sourceTree = BUILT_PRODUCTS_DIR; };
		1710BF6F9E2B65AD85D8AACE /* Pods-CRI-CRIUITests.release.xcconfig */ = {isa = PBXFileReference; includeInIndex = 1; lastKnownFileType = text.xcconfig; name = "Pods-CRI-CRIUITests.release.xcconfig"; path = "Target Support Files/Pods-CRI-CRIUITests/Pods-CRI-CRIUITests.release.xcconfig"; sourceTree = "<group>"; };
		295353C241D206EE2E7E0A21 /* Pods-CRI.debug.xcconfig */ = {isa = PBXFileReference; includeInIndex = 1; lastKnownFileType = text.xcconfig; name = "Pods-CRI.debug.xcconfig"; path = "Target Support Files/Pods-CRI/Pods-CRI.debug.xcconfig"; sourceTree = "<group>"; };
		50D317EFD27A8BF7AABE682E /* Pods_CRITests.framework */ = {isa = PBXFileReference; explicitFileType = wrapper.framework; includeInIndex = 0; path = Pods_CRITests.framework; sourceTree = BUILT_PRODUCTS_DIR; };
		6FAE57C5A1AB001D277D3BC5 /* Pods_CRI_CRIUITests.framework */ = {isa = PBXFileReference; explicitFileType = wrapper.framework; includeInIndex = 0; path = Pods_CRI_CRIUITests.framework; sourceTree = BUILT_PRODUCTS_DIR; };
		B42F70E4244AB55500A7AD23 /* CustomTextField.swift */ = {isa = PBXFileReference; lastKnownFileType = sourcecode.swift; path = CustomTextField.swift; sourceTree = "<group>"; };
		B43B672124479898009ADCAE /* SearchSheetViewModifier.swift */ = {isa = PBXFileReference; lastKnownFileType = sourcecode.swift; path = SearchSheetViewModifier.swift; sourceTree = "<group>"; };
		B43B672324479936009ADCAE /* SearchSheet.swift */ = {isa = PBXFileReference; lastKnownFileType = sourcecode.swift; path = SearchSheet.swift; sourceTree = "<group>"; };
		B43CAC88243BE4AD000B84FA /* ImageView.swift */ = {isa = PBXFileReference; lastKnownFileType = sourcecode.swift; path = ImageView.swift; sourceTree = "<group>"; };
		B43CAC8A243BE4C7000B84FA /* ImageLoader.swift */ = {isa = PBXFileReference; lastKnownFileType = sourcecode.swift; path = ImageLoader.swift; sourceTree = "<group>"; };
		B43CAC8C243C09F1000B84FA /* Stars.swift */ = {isa = PBXFileReference; lastKnownFileType = sourcecode.swift; path = Stars.swift; sourceTree = "<group>"; };
		B43CAC8F243CF296000B84FA /* AddProductView.swift */ = {isa = PBXFileReference; lastKnownFileType = sourcecode.swift; path = AddProductView.swift; sourceTree = "<group>"; };
		B44136D5243906CD00F3C1C4 /* GoogleService-Info.plist */ = {isa = PBXFileReference; lastKnownFileType = text.plist; path = "GoogleService-Info.plist"; sourceTree = SOURCE_ROOT; };
		B44136D7243A2C9D00F3C1C4 /* Product.swift */ = {isa = PBXFileReference; lastKnownFileType = sourcecode.swift; path = Product.swift; sourceTree = "<group>"; };
		B44136D9243BD32200F3C1C4 /* ProductCardCell.swift */ = {isa = PBXFileReference; lastKnownFileType = sourcecode.swift; path = ProductCardCell.swift; sourceTree = "<group>"; };
		B446647E242FECBA003F79CC /* Colors.xcassets */ = {isa = PBXFileReference; lastKnownFileType = folder.assetcatalog; path = Colors.xcassets; sourceTree = "<group>"; };
		B4466480242FF664003F79CC /* CategoryPickerView.swift */ = {isa = PBXFileReference; lastKnownFileType = sourcecode.swift; path = CategoryPickerView.swift; sourceTree = "<group>"; };
		B446DAD8247CD46C00DAA936 /* AddReview.swift */ = {isa = PBXFileReference; lastKnownFileType = sourcecode.swift; path = AddReview.swift; sourceTree = "<group>"; };
		B47B07F124225A200046ACF2 /* CRI.app */ = {isa = PBXFileReference; explicitFileType = wrapper.application; includeInIndex = 0; path = CRI.app; sourceTree = BUILT_PRODUCTS_DIR; };
		B47B07F424225A200046ACF2 /* AppDelegate.swift */ = {isa = PBXFileReference; lastKnownFileType = sourcecode.swift; path = AppDelegate.swift; sourceTree = "<group>"; };
		B47B07F624225A200046ACF2 /* SceneDelegate.swift */ = {isa = PBXFileReference; lastKnownFileType = sourcecode.swift; path = SceneDelegate.swift; sourceTree = "<group>"; };
		B47B07F824225A200046ACF2 /* ExploreView.swift */ = {isa = PBXFileReference; lastKnownFileType = sourcecode.swift; path = ExploreView.swift; sourceTree = "<group>"; };
		B47B07FA24225A210046ACF2 /* Assets.xcassets */ = {isa = PBXFileReference; lastKnownFileType = folder.assetcatalog; path = Assets.xcassets; sourceTree = "<group>"; };
		B47B07FD24225A210046ACF2 /* Preview Assets.xcassets */ = {isa = PBXFileReference; lastKnownFileType = folder.assetcatalog; path = "Preview Assets.xcassets"; sourceTree = "<group>"; };
		B47B080024225A210046ACF2 /* Base */ = {isa = PBXFileReference; lastKnownFileType = file.storyboard; name = Base; path = Base.lproj/LaunchScreen.storyboard; sourceTree = "<group>"; };
		B47B080224225A210046ACF2 /* Info.plist */ = {isa = PBXFileReference; lastKnownFileType = text.plist.xml; path = Info.plist; sourceTree = "<group>"; };
		B47B080724225A210046ACF2 /* CRITests.xctest */ = {isa = PBXFileReference; explicitFileType = wrapper.cfbundle; includeInIndex = 0; path = CRITests.xctest; sourceTree = BUILT_PRODUCTS_DIR; };
		B47B080B24225A210046ACF2 /* CRITests.swift */ = {isa = PBXFileReference; lastKnownFileType = sourcecode.swift; path = CRITests.swift; sourceTree = "<group>"; };
		B47B080D24225A210046ACF2 /* Info.plist */ = {isa = PBXFileReference; lastKnownFileType = text.plist.xml; path = Info.plist; sourceTree = "<group>"; };
		B47B081224225A210046ACF2 /* CRIUITests.xctest */ = {isa = PBXFileReference; explicitFileType = wrapper.cfbundle; includeInIndex = 0; path = CRIUITests.xctest; sourceTree = BUILT_PRODUCTS_DIR; };
		B47B081624225A210046ACF2 /* CRIUITests.swift */ = {isa = PBXFileReference; lastKnownFileType = sourcecode.swift; path = CRIUITests.swift; sourceTree = "<group>"; };
		B47B081824225A210046ACF2 /* Info.plist */ = {isa = PBXFileReference; lastKnownFileType = text.plist.xml; path = Info.plist; sourceTree = "<group>"; };
		B47F8C8F2442AA2A008961F5 /* UserData.swift */ = {isa = PBXFileReference; fileEncoding = 4; lastKnownFileType = sourcecode.swift; path = UserData.swift; sourceTree = "<group>"; };
		B47F8C902442AA2A008961F5 /* UserDataKeychain.swift */ = {isa = PBXFileReference; fileEncoding = 4; lastKnownFileType = sourcecode.swift; path = UserDataKeychain.swift; sourceTree = "<group>"; };
		B47F8C912442AA2A008961F5 /* Keychain.swift */ = {isa = PBXFileReference; fileEncoding = 4; lastKnownFileType = sourcecode.swift; path = Keychain.swift; sourceTree = "<group>"; };
		B47F8C922442AA2A008961F5 /* SharedWebCredential.swift */ = {isa = PBXFileReference; fileEncoding = 4; lastKnownFileType = sourcecode.swift; path = SharedWebCredential.swift; sourceTree = "<group>"; };
		B47F8C932442AA2A008961F5 /* SignInWithAppleToFirebase.swift */ = {isa = PBXFileReference; fileEncoding = 4; lastKnownFileType = sourcecode.swift; path = SignInWithAppleToFirebase.swift; sourceTree = "<group>"; };
		B47F8C992442ADB2008961F5 /* CRI.entitlements */ = {isa = PBXFileReference; lastKnownFileType = text.plist.entitlements; path = CRI.entitlements; sourceTree = "<group>"; };
		B47F8C9C24434E98008961F5 /* AuthenticationService.swift */ = {isa = PBXFileReference; lastKnownFileType = sourcecode.swift; path = AuthenticationService.swift; sourceTree = "<group>"; };
		B47F8C9E2443B17F008961F5 /* ProfileView.swift */ = {isa = PBXFileReference; lastKnownFileType = sourcecode.swift; path = ProfileView.swift; sourceTree = "<group>"; };
		B47F8CA02443BEDC008961F5 /* AnonProfileButton.swift */ = {isa = PBXFileReference; lastKnownFileType = sourcecode.swift; path = AnonProfileButton.swift; sourceTree = "<group>"; };
		B48961C0243DE31500DA988F /* ImagePicker.swift */ = {isa = PBXFileReference; lastKnownFileType = sourcecode.swift; path = ImagePicker.swift; sourceTree = "<group>"; };
		B48961C4243FD34500DA988F /* icons8-dispenser.pdf */ = {isa = PBXFileReference; lastKnownFileType = image.pdf; path = "icons8-dispenser.pdf"; sourceTree = "<group>"; };
		B48961C5243FD34500DA988F /* icons8-doughnut.pdf */ = {isa = PBXFileReference; lastKnownFileType = image.pdf; path = "icons8-doughnut.pdf"; sourceTree = "<group>"; };
		B48961C6243FD34500DA988F /* icons8-iqos.pdf */ = {isa = PBXFileReference; lastKnownFileType = image.pdf; path = "icons8-iqos.pdf"; sourceTree = "<group>"; };
		B48961C7243FD34500DA988F /* icons8-color-dropper.pdf */ = {isa = PBXFileReference; lastKnownFileType = image.pdf; path = "icons8-color-dropper.pdf"; sourceTree = "<group>"; };
		B48961C8243FD34500DA988F /* icons8-cat-pot.pdf */ = {isa = PBXFileReference; lastKnownFileType = image.pdf; path = "icons8-cat-pot.pdf"; sourceTree = "<group>"; };
		B48961C9243FD34500DA988F /* icons8-plus.pdf */ = {isa = PBXFileReference; lastKnownFileType = image.pdf; path = "icons8-plus.pdf"; sourceTree = "<group>"; };
		B48961CA243FD34500DA988F /* icons8-dose.pdf */ = {isa = PBXFileReference; lastKnownFileType = image.pdf; path = "icons8-dose.pdf"; sourceTree = "<group>"; };
		B48961CB243FD34500DA988F /* icons8-star-96.png */ = {isa = PBXFileReference; lastKnownFileType = image.png; path = "icons8-star-96.png"; sourceTree = "<group>"; };
		B48961D5243FD37F00DA988F /* AirbnbCereal-Bold.ttf */ = {isa = PBXFileReference; lastKnownFileType = file; path = "AirbnbCereal-Bold.ttf"; sourceTree = "<group>"; };
		B48961D6243FD37F00DA988F /* AirbnbCereal-Black.ttf */ = {isa = PBXFileReference; lastKnownFileType = file; path = "AirbnbCereal-Black.ttf"; sourceTree = "<group>"; };
		B48961D7243FD37F00DA988F /* AirbnbCereal-Book.ttf */ = {isa = PBXFileReference; lastKnownFileType = file; path = "AirbnbCereal-Book.ttf"; sourceTree = "<group>"; };
		B48961D8243FD37F00DA988F /* AirbnbCereal-Medium.ttf */ = {isa = PBXFileReference; lastKnownFileType = file; path = "AirbnbCereal-Medium.ttf"; sourceTree = "<group>"; };
		B48961D9243FD37F00DA988F /* AirbnbCereal-ExtraBold.ttf */ = {isa = PBXFileReference; lastKnownFileType = file; path = "AirbnbCereal-ExtraBold.ttf"; sourceTree = "<group>"; };
		B48961DA243FD37F00DA988F /* AirbnbCereal-Light.ttf */ = {isa = PBXFileReference; lastKnownFileType = file; path = "AirbnbCereal-Light.ttf"; sourceTree = "<group>"; };
		B48961E12440A1AF00DA988F /* icons8-user.pdf */ = {isa = PBXFileReference; lastKnownFileType = image.pdf; path = "icons8-user.pdf"; sourceTree = "<group>"; };
		B49032682426602300A09CB3 /* CategoryPickerCell.swift */ = {isa = PBXFileReference; lastKnownFileType = sourcecode.swift; path = CategoryPickerCell.swift; sourceTree = "<group>"; };
		B4A23E69246713100042E7D3 /* ProductDetailView.swift */ = {isa = PBXFileReference; lastKnownFileType = sourcecode.swift; path = ProductDetailView.swift; sourceTree = "<group>"; };
		B4F6D64B2482D84100D6DDB0 /* Review.swift */ = {isa = PBXFileReference; lastKnownFileType = sourcecode.swift; path = Review.swift; sourceTree = "<group>"; };
		C493C79EC9ACEABE26F758A0 /* Pods-CRI-CRIUITests.debug.xcconfig */ = {isa = PBXFileReference; includeInIndex = 1; lastKnownFileType = text.xcconfig; name = "Pods-CRI-CRIUITests.debug.xcconfig"; path = "Target Support Files/Pods-CRI-CRIUITests/Pods-CRI-CRIUITests.debug.xcconfig"; sourceTree = "<group>"; };
		E216E0F496FEAA00388A40C0 /* Pods-CRI.release.xcconfig */ = {isa = PBXFileReference; includeInIndex = 1; lastKnownFileType = text.xcconfig; name = "Pods-CRI.release.xcconfig"; path = "Target Support Files/Pods-CRI/Pods-CRI.release.xcconfig"; sourceTree = "<group>"; };
		F662FBBC5F8EA91DA6588ACC /* Pods-CRITests.debug.xcconfig */ = {isa = PBXFileReference; includeInIndex = 1; lastKnownFileType = text.xcconfig; name = "Pods-CRITests.debug.xcconfig"; path = "Target Support Files/Pods-CRITests/Pods-CRITests.debug.xcconfig"; sourceTree = "<group>"; };
/* End PBXFileReference section */

/* Begin PBXFrameworksBuildPhase section */
		B47B07EE24225A200046ACF2 /* Frameworks */ = {
			isa = PBXFrameworksBuildPhase;
			buildActionMask = 2147483647;
			files = (
				B4D10E8D2454203400C3B813 /* Fuzzy in Frameworks */,
				B47F8C8C24424FCF008961F5 /* PartialSheet in Frameworks */,
				7CD2AF8CE14D0E4845DF62DB /* Pods_CRI.framework in Frameworks */,
			);
			runOnlyForDeploymentPostprocessing = 0;
		};
		B47B080424225A210046ACF2 /* Frameworks */ = {
			isa = PBXFrameworksBuildPhase;
			buildActionMask = 2147483647;
			files = (
				C5D88415C22B89CA5FA7FE61 /* Pods_CRITests.framework in Frameworks */,
			);
			runOnlyForDeploymentPostprocessing = 0;
		};
		B47B080F24225A210046ACF2 /* Frameworks */ = {
			isa = PBXFrameworksBuildPhase;
			buildActionMask = 2147483647;
			files = (
				DF7DB357FC603DAF37EF85C8 /* Pods_CRI_CRIUITests.framework in Frameworks */,
			);
			runOnlyForDeploymentPostprocessing = 0;
		};
/* End PBXFrameworksBuildPhase section */

/* Begin PBXGroup section */
		331B601A601470DC09CDFA5A /* Frameworks */ = {
			isa = PBXGroup;
			children = (
				0748DFC8E204F51526602B82 /* Pods_CRI.framework */,
				6FAE57C5A1AB001D277D3BC5 /* Pods_CRI_CRIUITests.framework */,
				50D317EFD27A8BF7AABE682E /* Pods_CRITests.framework */,
			);
			name = Frameworks;
			sourceTree = "<group>";
		};
		96835F15C41AA5B6D90CB4C2 /* Pods */ = {
			isa = PBXGroup;
			children = (
				295353C241D206EE2E7E0A21 /* Pods-CRI.debug.xcconfig */,
				E216E0F496FEAA00388A40C0 /* Pods-CRI.release.xcconfig */,
				C493C79EC9ACEABE26F758A0 /* Pods-CRI-CRIUITests.debug.xcconfig */,
				1710BF6F9E2B65AD85D8AACE /* Pods-CRI-CRIUITests.release.xcconfig */,
				F662FBBC5F8EA91DA6588ACC /* Pods-CRITests.debug.xcconfig */,
				032F65386D46CEC3546ABEB5 /* Pods-CRITests.release.xcconfig */,
			);
			path = Pods;
			sourceTree = "<group>";
		};
		B43B672024479862009ADCAE /* SearchView */ = {
			isa = PBXGroup;
			children = (
				B43B672124479898009ADCAE /* SearchSheetViewModifier.swift */,
				B43B672324479936009ADCAE /* SearchSheet.swift */,
				B42F70E4244AB55500A7AD23 /* CustomTextField.swift */,
			);
			path = SearchView;
			sourceTree = "<group>";
		};
		B43CAC8E243CF281000B84FA /* Add Product */ = {
			isa = PBXGroup;
			children = (
				B43CAC8F243CF296000B84FA /* AddProductView.swift */,
				B48961C0243DE31500DA988F /* ImagePicker.swift */,
			);
			path = "Add Product";
			sourceTree = "<group>";
		};
		B44136DB243BD80A00F3C1C4 /* ExploreView */ = {
			isa = PBXGroup;
			children = (
				B44136D9243BD32200F3C1C4 /* ProductCardCell.swift */,
				B47B07F824225A200046ACF2 /* ExploreView.swift */,
				B490326A2426602700A09CB3 /* CategoryPicker */,
				B43CAC8C243C09F1000B84FA /* Stars.swift */,
				B47F8CA02443BEDC008961F5 /* AnonProfileButton.swift */,
			);
			path = ExploreView;
			sourceTree = "<group>";
		};
		B446DAD7247CD3A500DAA936 /* Add Review */ = {
			isa = PBXGroup;
			children = (
				B446DAD8247CD46C00DAA936 /* AddReview.swift */,
			);
			path = "Add Review";
			sourceTree = "<group>";
		};
		B47B07E824225A200046ACF2 = {
			isa = PBXGroup;
			children = (
				B47B07F324225A200046ACF2 /* CRI */,
				B47B080A24225A210046ACF2 /* CRITests */,
				B47B081524225A210046ACF2 /* CRIUITests */,
				B47B07F224225A200046ACF2 /* Products */,
				96835F15C41AA5B6D90CB4C2 /* Pods */,
				331B601A601470DC09CDFA5A /* Frameworks */,
			);
			sourceTree = "<group>";
		};
		B47B07F224225A200046ACF2 /* Products */ = {
			isa = PBXGroup;
			children = (
				B47B07F124225A200046ACF2 /* CRI.app */,
				B47B080724225A210046ACF2 /* CRITests.xctest */,
				B47B081224225A210046ACF2 /* CRIUITests.xctest */,
			);
			name = Products;
			sourceTree = "<group>";
		};
		B47B07F324225A200046ACF2 /* CRI */ = {
			isa = PBXGroup;
			children = (
				B4F6D64A2482D82F00D6DDB0 /* Model */,
				B446DAD7247CD3A500DAA936 /* Add Review */,
				B4A23E68246712F90042E7D3 /* Product Detail View */,
				B43B672024479862009ADCAE /* SearchView */,
				B47F8C992442ADB2008961F5 /* CRI.entitlements */,
				B43CAC8E243CF281000B84FA /* Add Product */,
				B44136DB243BD80A00F3C1C4 /* ExploreView */,
				B44136D5243906CD00F3C1C4 /* GoogleService-Info.plist */,
				B47F8C8D2442AA2A008961F5 /* AppleSignin */,
				B47B07F424225A200046ACF2 /* AppDelegate.swift */,
				B47B07F624225A200046ACF2 /* SceneDelegate.swift */,
				B446647E242FECBA003F79CC /* Colors.xcassets */,
				B47B07FA24225A210046ACF2 /* Assets.xcassets */,
				B47B07FF24225A210046ACF2 /* LaunchScreen.storyboard */,
				B47B080224225A210046ACF2 /* Info.plist */,
				B47B07FC24225A210046ACF2 /* Preview Content */,
				B43CAC88243BE4AD000B84FA /* ImageView.swift */,
				B43CAC8A243BE4C7000B84FA /* ImageLoader.swift */,
				B48961C2243FD34500DA988F /* Resources */,
				B47F8C9C24434E98008961F5 /* AuthenticationService.swift */,
				B47F8C9E2443B17F008961F5 /* ProfileView.swift */,
			);
			path = CRI;
			sourceTree = "<group>";
		};
		B47B07FC24225A210046ACF2 /* Preview Content */ = {
			isa = PBXGroup;
			children = (
				B47B07FD24225A210046ACF2 /* Preview Assets.xcassets */,
			);
			path = "Preview Content";
			sourceTree = "<group>";
		};
		B47B080A24225A210046ACF2 /* CRITests */ = {
			isa = PBXGroup;
			children = (
				B47B080B24225A210046ACF2 /* CRITests.swift */,
				B47B080D24225A210046ACF2 /* Info.plist */,
			);
			path = CRITests;
			sourceTree = "<group>";
		};
		B47B081524225A210046ACF2 /* CRIUITests */ = {
			isa = PBXGroup;
			children = (
				B47B081624225A210046ACF2 /* CRIUITests.swift */,
				B47B081824225A210046ACF2 /* Info.plist */,
			);
			path = CRIUITests;
			sourceTree = "<group>";
		};
		B47F8C8D2442AA2A008961F5 /* AppleSignin */ = {
			isa = PBXGroup;
			children = (
				B47F8C8E2442AA2A008961F5 /* CredentialStorage */,
				B47F8C932442AA2A008961F5 /* SignInWithAppleToFirebase.swift */,
			);
			path = AppleSignin;
			sourceTree = "<group>";
		};
		B47F8C8E2442AA2A008961F5 /* CredentialStorage */ = {
			isa = PBXGroup;
			children = (
				B47F8C8F2442AA2A008961F5 /* UserData.swift */,
				B47F8C902442AA2A008961F5 /* UserDataKeychain.swift */,
				B47F8C912442AA2A008961F5 /* Keychain.swift */,
				B47F8C922442AA2A008961F5 /* SharedWebCredential.swift */,
			);
			path = CredentialStorage;
			sourceTree = "<group>";
		};
		B48961C2243FD34500DA988F /* Resources */ = {
			isa = PBXGroup;
			children = (
				B48961C3243FD34500DA988F /* icons */,
				B48961CC243FD34500DA988F /* fonts */,
			);
			path = Resources;
			sourceTree = "<group>";
		};
		B48961C3243FD34500DA988F /* icons */ = {
			isa = PBXGroup;
			children = (
				B48961C4243FD34500DA988F /* icons8-dispenser.pdf */,
				B48961C5243FD34500DA988F /* icons8-doughnut.pdf */,
				B48961C6243FD34500DA988F /* icons8-iqos.pdf */,
				B48961C7243FD34500DA988F /* icons8-color-dropper.pdf */,
				B48961E12440A1AF00DA988F /* icons8-user.pdf */,
				B48961C8243FD34500DA988F /* icons8-cat-pot.pdf */,
				B48961C9243FD34500DA988F /* icons8-plus.pdf */,
				B48961CA243FD34500DA988F /* icons8-dose.pdf */,
				B48961CB243FD34500DA988F /* icons8-star-96.png */,
			);
			path = icons;
			sourceTree = "<group>";
		};
		B48961CC243FD34500DA988F /* fonts */ = {
			isa = PBXGroup;
			children = (
				B48961D6243FD37F00DA988F /* AirbnbCereal-Black.ttf */,
				B48961D5243FD37F00DA988F /* AirbnbCereal-Bold.ttf */,
				B48961D7243FD37F00DA988F /* AirbnbCereal-Book.ttf */,
				B48961D9243FD37F00DA988F /* AirbnbCereal-ExtraBold.ttf */,
				B48961DA243FD37F00DA988F /* AirbnbCereal-Light.ttf */,
				B48961D8243FD37F00DA988F /* AirbnbCereal-Medium.ttf */,
			);
			path = fonts;
			sourceTree = "<group>";
		};
		B490326A2426602700A09CB3 /* CategoryPicker */ = {
			isa = PBXGroup;
			children = (
				B49032682426602300A09CB3 /* CategoryPickerCell.swift */,
				B4466480242FF664003F79CC /* CategoryPickerView.swift */,
			);
			path = CategoryPicker;
			sourceTree = "<group>";
		};
		B4A23E68246712F90042E7D3 /* Product Detail View */ = {
			isa = PBXGroup;
			children = (
				B4A23E69246713100042E7D3 /* ProductDetailView.swift */,
			);
			path = "Product Detail View";
			sourceTree = "<group>";
		};
		B4F6D64A2482D82F00D6DDB0 /* Model */ = {
			isa = PBXGroup;
			children = (
				B44136D7243A2C9D00F3C1C4 /* Product.swift */,
				B4F6D64B2482D84100D6DDB0 /* Review.swift */,
			);
			path = Model;
			sourceTree = "<group>";
		};
/* End PBXGroup section */

/* Begin PBXNativeTarget section */
		B47B07F024225A200046ACF2 /* CRI */ = {
			isa = PBXNativeTarget;
			buildConfigurationList = B47B081B24225A210046ACF2 /* Build configuration list for PBXNativeTarget "CRI" */;
			buildPhases = (
				56105753AFA2EDACE0745F6C /* [CP] Check Pods Manifest.lock */,
				B47B07ED24225A200046ACF2 /* Sources */,
				B47B07EE24225A200046ACF2 /* Frameworks */,
				B47B07EF24225A200046ACF2 /* Resources */,
				A04F0AAA8EE4F38153004515 /* [CP] Embed Pods Frameworks */,
				359C970D216DA22F11463D59 /* [CP] Copy Pods Resources */,
			);
			buildRules = (
			);
			dependencies = (
			);
			name = CRI;
			packageProductDependencies = (
				B47F8C8B24424FCF008961F5 /* PartialSheet */,
				B4D10E8C2454203400C3B813 /* Fuzzy */,
			);
			productName = CRI;
			productReference = B47B07F124225A200046ACF2 /* CRI.app */;
			productType = "com.apple.product-type.application";
		};
		B47B080624225A210046ACF2 /* CRITests */ = {
			isa = PBXNativeTarget;
			buildConfigurationList = B47B081E24225A210046ACF2 /* Build configuration list for PBXNativeTarget "CRITests" */;
			buildPhases = (
				254EB24F4A1473736FDFA6BD /* [CP] Check Pods Manifest.lock */,
				B47B080324225A210046ACF2 /* Sources */,
				B47B080424225A210046ACF2 /* Frameworks */,
				B47B080524225A210046ACF2 /* Resources */,
			);
			buildRules = (
			);
			dependencies = (
				B47B080924225A210046ACF2 /* PBXTargetDependency */,
			);
			name = CRITests;
			productName = CRITests;
			productReference = B47B080724225A210046ACF2 /* CRITests.xctest */;
			productType = "com.apple.product-type.bundle.unit-test";
		};
		B47B081124225A210046ACF2 /* CRIUITests */ = {
			isa = PBXNativeTarget;
			buildConfigurationList = B47B082124225A210046ACF2 /* Build configuration list for PBXNativeTarget "CRIUITests" */;
			buildPhases = (
				41419260F682225AB5B6F551 /* [CP] Check Pods Manifest.lock */,
				B47B080E24225A210046ACF2 /* Sources */,
				B47B080F24225A210046ACF2 /* Frameworks */,
				B47B081024225A210046ACF2 /* Resources */,
				D2031D82AAD7A1827DA9748A /* [CP] Embed Pods Frameworks */,
				14892B5AB40FC2624D2559F0 /* [CP] Copy Pods Resources */,
			);
			buildRules = (
			);
			dependencies = (
				B47B081424225A210046ACF2 /* PBXTargetDependency */,
			);
			name = CRIUITests;
			productName = CRIUITests;
			productReference = B47B081224225A210046ACF2 /* CRIUITests.xctest */;
			productType = "com.apple.product-type.bundle.ui-testing";
		};
/* End PBXNativeTarget section */

/* Begin PBXProject section */
		B47B07E924225A200046ACF2 /* Project object */ = {
			isa = PBXProject;
			attributes = {
				LastSwiftUpdateCheck = 1140;
				LastUpgradeCheck = 1140;
				ORGANIZATIONNAME = Yooniverse;
				TargetAttributes = {
					B47B07F024225A200046ACF2 = {
						CreatedOnToolsVersion = 11.4;
					};
					B47B080624225A210046ACF2 = {
						CreatedOnToolsVersion = 11.4;
						TestTargetID = B47B07F024225A200046ACF2;
					};
					B47B081124225A210046ACF2 = {
						CreatedOnToolsVersion = 11.4;
						TestTargetID = B47B07F024225A200046ACF2;
					};
				};
			};
			buildConfigurationList = B47B07EC24225A200046ACF2 /* Build configuration list for PBXProject "CRI" */;
			compatibilityVersion = "Xcode 9.3";
			developmentRegion = en;
			hasScannedForEncodings = 0;
			knownRegions = (
				en,
				Base,
			);
			mainGroup = B47B07E824225A200046ACF2;
			packageReferences = (
				B47F8C8A24424FCF008961F5 /* XCRemoteSwiftPackageReference "PartialSheet" */,
				B4D10E8B2454203300C3B813 /* XCRemoteSwiftPackageReference "fuzzy-swift" */,
			);
			productRefGroup = B47B07F224225A200046ACF2 /* Products */;
			projectDirPath = "";
			projectRoot = "";
			targets = (
				B47B07F024225A200046ACF2 /* CRI */,
				B47B080624225A210046ACF2 /* CRITests */,
				B47B081124225A210046ACF2 /* CRIUITests */,
			);
		};
/* End PBXProject section */

/* Begin PBXResourcesBuildPhase section */
		B47B07EF24225A200046ACF2 /* Resources */ = {
			isa = PBXResourcesBuildPhase;
			buildActionMask = 2147483647;
			files = (
				B47B080124225A210046ACF2 /* LaunchScreen.storyboard in Resources */,
				B446647F242FECBA003F79CC /* Colors.xcassets in Resources */,
				B44136D6243906CD00F3C1C4 /* GoogleService-Info.plist in Resources */,
				B48961E22440A1AF00DA988F /* icons8-user.pdf in Resources */,
				B48961DD243FD37F00DA988F /* AirbnbCereal-Book.ttf in Resources */,
				B47B07FE24225A210046ACF2 /* Preview Assets.xcassets in Resources */,
				B48961CF243FD34500DA988F /* icons8-iqos.pdf in Resources */,
				B48961DC243FD37F00DA988F /* AirbnbCereal-Black.ttf in Resources */,
				B48961CE243FD34500DA988F /* icons8-doughnut.pdf in Resources */,
				B48961CD243FD34500DA988F /* icons8-dispenser.pdf in Resources */,
				B48961D4243FD34500DA988F /* icons8-star-96.png in Resources */,
				B48961E0243FD37F00DA988F /* AirbnbCereal-Light.ttf in Resources */,
				B48961DE243FD37F00DA988F /* AirbnbCereal-Medium.ttf in Resources */,
				B48961D2243FD34500DA988F /* icons8-plus.pdf in Resources */,
				B48961D0243FD34500DA988F /* icons8-color-dropper.pdf in Resources */,
				B47B07FB24225A210046ACF2 /* Assets.xcassets in Resources */,
				B48961DF243FD37F00DA988F /* AirbnbCereal-ExtraBold.ttf in Resources */,
				B48961D1243FD34500DA988F /* icons8-cat-pot.pdf in Resources */,
				B48961D3243FD34500DA988F /* icons8-dose.pdf in Resources */,
				B48961DB243FD37F00DA988F /* AirbnbCereal-Bold.ttf in Resources */,
			);
			runOnlyForDeploymentPostprocessing = 0;
		};
		B47B080524225A210046ACF2 /* Resources */ = {
			isa = PBXResourcesBuildPhase;
			buildActionMask = 2147483647;
			files = (
			);
			runOnlyForDeploymentPostprocessing = 0;
		};
		B47B081024225A210046ACF2 /* Resources */ = {
			isa = PBXResourcesBuildPhase;
			buildActionMask = 2147483647;
			files = (
			);
			runOnlyForDeploymentPostprocessing = 0;
		};
/* End PBXResourcesBuildPhase section */

/* Begin PBXShellScriptBuildPhase section */
		14892B5AB40FC2624D2559F0 /* [CP] Copy Pods Resources */ = {
			isa = PBXShellScriptBuildPhase;
			buildActionMask = 2147483647;
			files = (
			);
			inputFileListPaths = (
				"${PODS_ROOT}/Target Support Files/Pods-CRI-CRIUITests/Pods-CRI-CRIUITests-resources-${CONFIGURATION}-input-files.xcfilelist",
			);
			name = "[CP] Copy Pods Resources";
			outputFileListPaths = (
				"${PODS_ROOT}/Target Support Files/Pods-CRI-CRIUITests/Pods-CRI-CRIUITests-resources-${CONFIGURATION}-output-files.xcfilelist",
			);
			runOnlyForDeploymentPostprocessing = 0;
			shellPath = /bin/sh;
			shellScript = "\"${PODS_ROOT}/Target Support Files/Pods-CRI-CRIUITests/Pods-CRI-CRIUITests-resources.sh\"\n";
			showEnvVarsInLog = 0;
		};
		254EB24F4A1473736FDFA6BD /* [CP] Check Pods Manifest.lock */ = {
			isa = PBXShellScriptBuildPhase;
			buildActionMask = 2147483647;
			files = (
			);
			inputFileListPaths = (
			);
			inputPaths = (
				"${PODS_PODFILE_DIR_PATH}/Podfile.lock",
				"${PODS_ROOT}/Manifest.lock",
			);
			name = "[CP] Check Pods Manifest.lock";
			outputFileListPaths = (
			);
			outputPaths = (
				"$(DERIVED_FILE_DIR)/Pods-CRITests-checkManifestLockResult.txt",
			);
			runOnlyForDeploymentPostprocessing = 0;
			shellPath = /bin/sh;
			shellScript = "diff \"${PODS_PODFILE_DIR_PATH}/Podfile.lock\" \"${PODS_ROOT}/Manifest.lock\" > /dev/null\nif [ $? != 0 ] ; then\n    # print error to STDERR\n    echo \"error: The sandbox is not in sync with the Podfile.lock. Run 'pod install' or update your CocoaPods installation.\" >&2\n    exit 1\nfi\n# This output is used by Xcode 'outputs' to avoid re-running this script phase.\necho \"SUCCESS\" > \"${SCRIPT_OUTPUT_FILE_0}\"\n";
			showEnvVarsInLog = 0;
		};
		359C970D216DA22F11463D59 /* [CP] Copy Pods Resources */ = {
			isa = PBXShellScriptBuildPhase;
			buildActionMask = 2147483647;
			files = (
			);
			inputFileListPaths = (
				"${PODS_ROOT}/Target Support Files/Pods-CRI/Pods-CRI-resources-${CONFIGURATION}-input-files.xcfilelist",
			);
			name = "[CP] Copy Pods Resources";
			outputFileListPaths = (
				"${PODS_ROOT}/Target Support Files/Pods-CRI/Pods-CRI-resources-${CONFIGURATION}-output-files.xcfilelist",
			);
			runOnlyForDeploymentPostprocessing = 0;
			shellPath = /bin/sh;
			shellScript = "\"${PODS_ROOT}/Target Support Files/Pods-CRI/Pods-CRI-resources.sh\"\n";
			showEnvVarsInLog = 0;
		};
		41419260F682225AB5B6F551 /* [CP] Check Pods Manifest.lock */ = {
			isa = PBXShellScriptBuildPhase;
			buildActionMask = 2147483647;
			files = (
			);
			inputFileListPaths = (
			);
			inputPaths = (
				"${PODS_PODFILE_DIR_PATH}/Podfile.lock",
				"${PODS_ROOT}/Manifest.lock",
			);
			name = "[CP] Check Pods Manifest.lock";
			outputFileListPaths = (
			);
			outputPaths = (
				"$(DERIVED_FILE_DIR)/Pods-CRI-CRIUITests-checkManifestLockResult.txt",
			);
			runOnlyForDeploymentPostprocessing = 0;
			shellPath = /bin/sh;
			shellScript = "diff \"${PODS_PODFILE_DIR_PATH}/Podfile.lock\" \"${PODS_ROOT}/Manifest.lock\" > /dev/null\nif [ $? != 0 ] ; then\n    # print error to STDERR\n    echo \"error: The sandbox is not in sync with the Podfile.lock. Run 'pod install' or update your CocoaPods installation.\" >&2\n    exit 1\nfi\n# This output is used by Xcode 'outputs' to avoid re-running this script phase.\necho \"SUCCESS\" > \"${SCRIPT_OUTPUT_FILE_0}\"\n";
			showEnvVarsInLog = 0;
		};
		56105753AFA2EDACE0745F6C /* [CP] Check Pods Manifest.lock */ = {
			isa = PBXShellScriptBuildPhase;
			buildActionMask = 2147483647;
			files = (
			);
			inputFileListPaths = (
			);
			inputPaths = (
				"${PODS_PODFILE_DIR_PATH}/Podfile.lock",
				"${PODS_ROOT}/Manifest.lock",
			);
			name = "[CP] Check Pods Manifest.lock";
			outputFileListPaths = (
			);
			outputPaths = (
				"$(DERIVED_FILE_DIR)/Pods-CRI-checkManifestLockResult.txt",
			);
			runOnlyForDeploymentPostprocessing = 0;
			shellPath = /bin/sh;
			shellScript = "diff \"${PODS_PODFILE_DIR_PATH}/Podfile.lock\" \"${PODS_ROOT}/Manifest.lock\" > /dev/null\nif [ $? != 0 ] ; then\n    # print error to STDERR\n    echo \"error: The sandbox is not in sync with the Podfile.lock. Run 'pod install' or update your CocoaPods installation.\" >&2\n    exit 1\nfi\n# This output is used by Xcode 'outputs' to avoid re-running this script phase.\necho \"SUCCESS\" > \"${SCRIPT_OUTPUT_FILE_0}\"\n";
			showEnvVarsInLog = 0;
		};
		A04F0AAA8EE4F38153004515 /* [CP] Embed Pods Frameworks */ = {
			isa = PBXShellScriptBuildPhase;
			buildActionMask = 2147483647;
			files = (
			);
			inputFileListPaths = (
				"${PODS_ROOT}/Target Support Files/Pods-CRI/Pods-CRI-frameworks-${CONFIGURATION}-input-files.xcfilelist",
			);
			name = "[CP] Embed Pods Frameworks";
			outputFileListPaths = (
				"${PODS_ROOT}/Target Support Files/Pods-CRI/Pods-CRI-frameworks-${CONFIGURATION}-output-files.xcfilelist",
			);
			runOnlyForDeploymentPostprocessing = 0;
			shellPath = /bin/sh;
			shellScript = "\"${PODS_ROOT}/Target Support Files/Pods-CRI/Pods-CRI-frameworks.sh\"\n";
			showEnvVarsInLog = 0;
		};
		D2031D82AAD7A1827DA9748A /* [CP] Embed Pods Frameworks */ = {
			isa = PBXShellScriptBuildPhase;
			buildActionMask = 2147483647;
			files = (
			);
			inputFileListPaths = (
				"${PODS_ROOT}/Target Support Files/Pods-CRI-CRIUITests/Pods-CRI-CRIUITests-frameworks-${CONFIGURATION}-input-files.xcfilelist",
			);
			name = "[CP] Embed Pods Frameworks";
			outputFileListPaths = (
				"${PODS_ROOT}/Target Support Files/Pods-CRI-CRIUITests/Pods-CRI-CRIUITests-frameworks-${CONFIGURATION}-output-files.xcfilelist",
			);
			runOnlyForDeploymentPostprocessing = 0;
			shellPath = /bin/sh;
			shellScript = "\"${PODS_ROOT}/Target Support Files/Pods-CRI-CRIUITests/Pods-CRI-CRIUITests-frameworks.sh\"\n";
			showEnvVarsInLog = 0;
		};
/* End PBXShellScriptBuildPhase section */

/* Begin PBXSourcesBuildPhase section */
		B47B07ED24225A200046ACF2 /* Sources */ = {
			isa = PBXSourcesBuildPhase;
			buildActionMask = 2147483647;
			files = (
				B47F8C942442AA2A008961F5 /* UserData.swift in Sources */,
				B47F8C982442AA2A008961F5 /* SignInWithAppleToFirebase.swift in Sources */,
				B43CAC89243BE4AD000B84FA /* ImageView.swift in Sources */,
				B43CAC8D243C09F1000B84FA /* Stars.swift in Sources */,
				B47B07F524225A200046ACF2 /* AppDelegate.swift in Sources */,
				B47F8C972442AA2A008961F5 /* SharedWebCredential.swift in Sources */,
				B44136DA243BD32200F3C1C4 /* ProductCardCell.swift in Sources */,
				B47B07F724225A200046ACF2 /* SceneDelegate.swift in Sources */,
				B43CAC90243CF296000B84FA /* AddProductView.swift in Sources */,
				B47B07F924225A200046ACF2 /* ExploreView.swift in Sources */,
				B43CAC8B243BE4C7000B84FA /* ImageLoader.swift in Sources */,
				B446DAD9247CD46C00DAA936 /* AddReview.swift in Sources */,
				B49032692426602300A09CB3 /* CategoryPickerCell.swift in Sources */,
				B47F8C9F2443B17F008961F5 /* ProfileView.swift in Sources */,
				B47F8C952442AA2A008961F5 /* UserDataKeychain.swift in Sources */,
				B48961C1243DE31500DA988F /* ImagePicker.swift in Sources */,
				B43B672424479936009ADCAE /* SearchSheet.swift in Sources */,
				B4466481242FF664003F79CC /* CategoryPickerView.swift in Sources */,
				B4A23E6A246713100042E7D3 /* ProductDetailView.swift in Sources */,
				B47F8C9D24434E98008961F5 /* AuthenticationService.swift in Sources */,
				B43B672224479898009ADCAE /* SearchSheetViewModifier.swift in Sources */,
				B4F6D64C2482D84100D6DDB0 /* Review.swift in Sources */,
				B44136D8243A2C9D00F3C1C4 /* Product.swift in Sources */,
				B47F8CA12443BEDC008961F5 /* AnonProfileButton.swift in Sources */,
				B42F70E5244AB55500A7AD23 /* CustomTextField.swift in Sources */,
				B47F8C962442AA2A008961F5 /* Keychain.swift in Sources */,
			);
			runOnlyForDeploymentPostprocessing = 0;
		};
		B47B080324225A210046ACF2 /* Sources */ = {
			isa = PBXSourcesBuildPhase;
			buildActionMask = 2147483647;
			files = (
				B47B080C24225A210046ACF2 /* CRITests.swift in Sources */,
			);
			runOnlyForDeploymentPostprocessing = 0;
		};
		B47B080E24225A210046ACF2 /* Sources */ = {
			isa = PBXSourcesBuildPhase;
			buildActionMask = 2147483647;
			files = (
				B47B081724225A210046ACF2 /* CRIUITests.swift in Sources */,
			);
			runOnlyForDeploymentPostprocessing = 0;
		};
/* End PBXSourcesBuildPhase section */

/* Begin PBXTargetDependency section */
		B47B080924225A210046ACF2 /* PBXTargetDependency */ = {
			isa = PBXTargetDependency;
			target = B47B07F024225A200046ACF2 /* CRI */;
			targetProxy = B47B080824225A210046ACF2 /* PBXContainerItemProxy */;
		};
		B47B081424225A210046ACF2 /* PBXTargetDependency */ = {
			isa = PBXTargetDependency;
			target = B47B07F024225A200046ACF2 /* CRI */;
			targetProxy = B47B081324225A210046ACF2 /* PBXContainerItemProxy */;
		};
/* End PBXTargetDependency section */

/* Begin PBXVariantGroup section */
		B47B07FF24225A210046ACF2 /* LaunchScreen.storyboard */ = {
			isa = PBXVariantGroup;
			children = (
				B47B080024225A210046ACF2 /* Base */,
			);
			name = LaunchScreen.storyboard;
			sourceTree = "<group>";
		};
/* End PBXVariantGroup section */

/* Begin XCBuildConfiguration section */
		B47B081924225A210046ACF2 /* Debug */ = {
			isa = XCBuildConfiguration;
			buildSettings = {
				ALWAYS_SEARCH_USER_PATHS = NO;
				CLANG_ANALYZER_NONNULL = YES;
				CLANG_ANALYZER_NUMBER_OBJECT_CONVERSION = YES_AGGRESSIVE;
				CLANG_CXX_LANGUAGE_STANDARD = "gnu++14";
				CLANG_CXX_LIBRARY = "libc++";
				CLANG_ENABLE_MODULES = YES;
				CLANG_ENABLE_OBJC_ARC = YES;
				CLANG_ENABLE_OBJC_WEAK = YES;
				CLANG_WARN_BLOCK_CAPTURE_AUTORELEASING = YES;
				CLANG_WARN_BOOL_CONVERSION = YES;
				CLANG_WARN_COMMA = YES;
				CLANG_WARN_CONSTANT_CONVERSION = YES;
				CLANG_WARN_DEPRECATED_OBJC_IMPLEMENTATIONS = YES;
				CLANG_WARN_DIRECT_OBJC_ISA_USAGE = YES_ERROR;
				CLANG_WARN_DOCUMENTATION_COMMENTS = YES;
				CLANG_WARN_EMPTY_BODY = YES;
				CLANG_WARN_ENUM_CONVERSION = YES;
				CLANG_WARN_INFINITE_RECURSION = YES;
				CLANG_WARN_INT_CONVERSION = YES;
				CLANG_WARN_NON_LITERAL_NULL_CONVERSION = YES;
				CLANG_WARN_OBJC_IMPLICIT_RETAIN_SELF = YES;
				CLANG_WARN_OBJC_LITERAL_CONVERSION = YES;
				CLANG_WARN_OBJC_ROOT_CLASS = YES_ERROR;
				CLANG_WARN_RANGE_LOOP_ANALYSIS = YES;
				CLANG_WARN_STRICT_PROTOTYPES = YES;
				CLANG_WARN_SUSPICIOUS_MOVE = YES;
				CLANG_WARN_UNGUARDED_AVAILABILITY = YES_AGGRESSIVE;
				CLANG_WARN_UNREACHABLE_CODE = YES;
				CLANG_WARN__DUPLICATE_METHOD_MATCH = YES;
				COPY_PHASE_STRIP = NO;
				DEBUG_INFORMATION_FORMAT = dwarf;
				ENABLE_STRICT_OBJC_MSGSEND = YES;
				ENABLE_TESTABILITY = YES;
				GCC_C_LANGUAGE_STANDARD = gnu11;
				GCC_DYNAMIC_NO_PIC = NO;
				GCC_NO_COMMON_BLOCKS = YES;
				GCC_OPTIMIZATION_LEVEL = 0;
				GCC_PREPROCESSOR_DEFINITIONS = (
					"DEBUG=1",
					"$(inherited)",
				);
				GCC_WARN_64_TO_32_BIT_CONVERSION = YES;
				GCC_WARN_ABOUT_RETURN_TYPE = YES_ERROR;
				GCC_WARN_UNDECLARED_SELECTOR = YES;
				GCC_WARN_UNINITIALIZED_AUTOS = YES_AGGRESSIVE;
				GCC_WARN_UNUSED_FUNCTION = YES;
				GCC_WARN_UNUSED_VARIABLE = YES;
				IPHONEOS_DEPLOYMENT_TARGET = 13.4;
				MTL_ENABLE_DEBUG_INFO = INCLUDE_SOURCE;
				MTL_FAST_MATH = YES;
				ONLY_ACTIVE_ARCH = YES;
				SDKROOT = iphoneos;
				SWIFT_ACTIVE_COMPILATION_CONDITIONS = DEBUG;
				SWIFT_OPTIMIZATION_LEVEL = "-Onone";
			};
			name = Debug;
		};
		B47B081A24225A210046ACF2 /* Release */ = {
			isa = XCBuildConfiguration;
			buildSettings = {
				ALWAYS_SEARCH_USER_PATHS = NO;
				CLANG_ANALYZER_NONNULL = YES;
				CLANG_ANALYZER_NUMBER_OBJECT_CONVERSION = YES_AGGRESSIVE;
				CLANG_CXX_LANGUAGE_STANDARD = "gnu++14";
				CLANG_CXX_LIBRARY = "libc++";
				CLANG_ENABLE_MODULES = YES;
				CLANG_ENABLE_OBJC_ARC = YES;
				CLANG_ENABLE_OBJC_WEAK = YES;
				CLANG_WARN_BLOCK_CAPTURE_AUTORELEASING = YES;
				CLANG_WARN_BOOL_CONVERSION = YES;
				CLANG_WARN_COMMA = YES;
				CLANG_WARN_CONSTANT_CONVERSION = YES;
				CLANG_WARN_DEPRECATED_OBJC_IMPLEMENTATIONS = YES;
				CLANG_WARN_DIRECT_OBJC_ISA_USAGE = YES_ERROR;
				CLANG_WARN_DOCUMENTATION_COMMENTS = YES;
				CLANG_WARN_EMPTY_BODY = YES;
				CLANG_WARN_ENUM_CONVERSION = YES;
				CLANG_WARN_INFINITE_RECURSION = YES;
				CLANG_WARN_INT_CONVERSION = YES;
				CLANG_WARN_NON_LITERAL_NULL_CONVERSION = YES;
				CLANG_WARN_OBJC_IMPLICIT_RETAIN_SELF = YES;
				CLANG_WARN_OBJC_LITERAL_CONVERSION = YES;
				CLANG_WARN_OBJC_ROOT_CLASS = YES_ERROR;
				CLANG_WARN_RANGE_LOOP_ANALYSIS = YES;
				CLANG_WARN_STRICT_PROTOTYPES = YES;
				CLANG_WARN_SUSPICIOUS_MOVE = YES;
				CLANG_WARN_UNGUARDED_AVAILABILITY = YES_AGGRESSIVE;
				CLANG_WARN_UNREACHABLE_CODE = YES;
				CLANG_WARN__DUPLICATE_METHOD_MATCH = YES;
				COPY_PHASE_STRIP = NO;
				DEBUG_INFORMATION_FORMAT = "dwarf-with-dsym";
				ENABLE_NS_ASSERTIONS = NO;
				ENABLE_STRICT_OBJC_MSGSEND = YES;
				GCC_C_LANGUAGE_STANDARD = gnu11;
				GCC_NO_COMMON_BLOCKS = YES;
				GCC_WARN_64_TO_32_BIT_CONVERSION = YES;
				GCC_WARN_ABOUT_RETURN_TYPE = YES_ERROR;
				GCC_WARN_UNDECLARED_SELECTOR = YES;
				GCC_WARN_UNINITIALIZED_AUTOS = YES_AGGRESSIVE;
				GCC_WARN_UNUSED_FUNCTION = YES;
				GCC_WARN_UNUSED_VARIABLE = YES;
				IPHONEOS_DEPLOYMENT_TARGET = 13.4;
				MTL_ENABLE_DEBUG_INFO = NO;
				MTL_FAST_MATH = YES;
				SDKROOT = iphoneos;
				SWIFT_COMPILATION_MODE = wholemodule;
				SWIFT_OPTIMIZATION_LEVEL = "-O";
				VALIDATE_PRODUCT = YES;
			};
			name = Release;
		};
		B47B081C24225A210046ACF2 /* Debug */ = {
			isa = XCBuildConfiguration;
			baseConfigurationReference = 295353C241D206EE2E7E0A21 /* Pods-CRI.debug.xcconfig */;
			buildSettings = {
				ASSETCATALOG_COMPILER_APPICON_NAME = AppIcon;
				CODE_SIGN_ENTITLEMENTS = CRI/CRI.entitlements;
				CODE_SIGN_STYLE = Automatic;
				DEVELOPMENT_ASSET_PATHS = "\"CRI/Preview Content\"";
				DEVELOPMENT_TEAM = SRYM53R5XT;
				ENABLE_PREVIEWS = YES;
				INFOPLIST_FILE = CRI/Info.plist;
				LD_RUNPATH_SEARCH_PATHS = (
					"$(inherited)",
					"@executable_path/Frameworks",
				);
				PRODUCT_BUNDLE_IDENTIFIER = com.yooniverse.CannaRateIt;
				PRODUCT_NAME = "$(TARGET_NAME)";
				SWIFT_VERSION = 5.0;
				TARGETED_DEVICE_FAMILY = "1,2";
			};
			name = Debug;
		};
		B47B081D24225A210046ACF2 /* Release */ = {
			isa = XCBuildConfiguration;
			baseConfigurationReference = E216E0F496FEAA00388A40C0 /* Pods-CRI.release.xcconfig */;
			buildSettings = {
				ASSETCATALOG_COMPILER_APPICON_NAME = AppIcon;
				CODE_SIGN_ENTITLEMENTS = CRI/CRI.entitlements;
				CODE_SIGN_STYLE = Automatic;
				DEVELOPMENT_ASSET_PATHS = "\"CRI/Preview Content\"";
				DEVELOPMENT_TEAM = SRYM53R5XT;
				ENABLE_PREVIEWS = YES;
				INFOPLIST_FILE = CRI/Info.plist;
				LD_RUNPATH_SEARCH_PATHS = (
					"$(inherited)",
					"@executable_path/Frameworks",
				);
				PRODUCT_BUNDLE_IDENTIFIER = com.yooniverse.CannaRateIt;
				PRODUCT_NAME = "$(TARGET_NAME)";
				SWIFT_VERSION = 5.0;
				TARGETED_DEVICE_FAMILY = "1,2";
			};
			name = Release;
		};
		B47B081F24225A210046ACF2 /* Debug */ = {
			isa = XCBuildConfiguration;
			baseConfigurationReference = F662FBBC5F8EA91DA6588ACC /* Pods-CRITests.debug.xcconfig */;
			buildSettings = {
				ALWAYS_EMBED_SWIFT_STANDARD_LIBRARIES = YES;
				BUNDLE_LOADER = "$(TEST_HOST)";
				CODE_SIGN_STYLE = Automatic;
				DEVELOPMENT_TEAM = SRYM53R5XT;
				INFOPLIST_FILE = CRITests/Info.plist;
				IPHONEOS_DEPLOYMENT_TARGET = 13.4;
				LD_RUNPATH_SEARCH_PATHS = (
					"$(inherited)",
					"@executable_path/Frameworks",
					"@loader_path/Frameworks",
				);
				PRODUCT_BUNDLE_IDENTIFIER = com.yooniverse.CRITests;
				PRODUCT_NAME = "$(TARGET_NAME)";
				SWIFT_VERSION = 5.0;
				TARGETED_DEVICE_FAMILY = "1,2";
				TEST_HOST = "$(BUILT_PRODUCTS_DIR)/CRI.app/CRI";
			};
			name = Debug;
		};
		B47B082024225A210046ACF2 /* Release */ = {
			isa = XCBuildConfiguration;
			baseConfigurationReference = 032F65386D46CEC3546ABEB5 /* Pods-CRITests.release.xcconfig */;
			buildSettings = {
				ALWAYS_EMBED_SWIFT_STANDARD_LIBRARIES = YES;
				BUNDLE_LOADER = "$(TEST_HOST)";
				CODE_SIGN_STYLE = Automatic;
				DEVELOPMENT_TEAM = SRYM53R5XT;
				INFOPLIST_FILE = CRITests/Info.plist;
				IPHONEOS_DEPLOYMENT_TARGET = 13.4;
				LD_RUNPATH_SEARCH_PATHS = (
					"$(inherited)",
					"@executable_path/Frameworks",
					"@loader_path/Frameworks",
				);
				PRODUCT_BUNDLE_IDENTIFIER = com.yooniverse.CRITests;
				PRODUCT_NAME = "$(TARGET_NAME)";
				SWIFT_VERSION = 5.0;
				TARGETED_DEVICE_FAMILY = "1,2";
				TEST_HOST = "$(BUILT_PRODUCTS_DIR)/CRI.app/CRI";
			};
			name = Release;
		};
		B47B082224225A210046ACF2 /* Debug */ = {
			isa = XCBuildConfiguration;
			baseConfigurationReference = C493C79EC9ACEABE26F758A0 /* Pods-CRI-CRIUITests.debug.xcconfig */;
			buildSettings = {
				ALWAYS_EMBED_SWIFT_STANDARD_LIBRARIES = YES;
				CODE_SIGN_STYLE = Automatic;
				DEVELOPMENT_TEAM = SRYM53R5XT;
				INFOPLIST_FILE = CRIUITests/Info.plist;
				LD_RUNPATH_SEARCH_PATHS = (
					"$(inherited)",
					"@executable_path/Frameworks",
					"@loader_path/Frameworks",
				);
				PRODUCT_BUNDLE_IDENTIFIER = com.yooniverse.CRIUITests;
				PRODUCT_NAME = "$(TARGET_NAME)";
				SWIFT_VERSION = 5.0;
				TARGETED_DEVICE_FAMILY = "1,2";
				TEST_TARGET_NAME = CRI;
			};
			name = Debug;
		};
		B47B082324225A210046ACF2 /* Release */ = {
			isa = XCBuildConfiguration;
			baseConfigurationReference = 1710BF6F9E2B65AD85D8AACE /* Pods-CRI-CRIUITests.release.xcconfig */;
			buildSettings = {
				ALWAYS_EMBED_SWIFT_STANDARD_LIBRARIES = YES;
				CODE_SIGN_STYLE = Automatic;
				DEVELOPMENT_TEAM = SRYM53R5XT;
				INFOPLIST_FILE = CRIUITests/Info.plist;
				LD_RUNPATH_SEARCH_PATHS = (
					"$(inherited)",
					"@executable_path/Frameworks",
					"@loader_path/Frameworks",
				);
				PRODUCT_BUNDLE_IDENTIFIER = com.yooniverse.CRIUITests;
				PRODUCT_NAME = "$(TARGET_NAME)";
				SWIFT_VERSION = 5.0;
				TARGETED_DEVICE_FAMILY = "1,2";
				TEST_TARGET_NAME = CRI;
			};
			name = Release;
		};
/* End XCBuildConfiguration section */

/* Begin XCConfigurationList section */
		B47B07EC24225A200046ACF2 /* Build configuration list for PBXProject "CRI" */ = {
			isa = XCConfigurationList;
			buildConfigurations = (
				B47B081924225A210046ACF2 /* Debug */,
				B47B081A24225A210046ACF2 /* Release */,
			);
			defaultConfigurationIsVisible = 0;
			defaultConfigurationName = Release;
		};
		B47B081B24225A210046ACF2 /* Build configuration list for PBXNativeTarget "CRI" */ = {
			isa = XCConfigurationList;
			buildConfigurations = (
				B47B081C24225A210046ACF2 /* Debug */,
				B47B081D24225A210046ACF2 /* Release */,
			);
			defaultConfigurationIsVisible = 0;
			defaultConfigurationName = Release;
		};
		B47B081E24225A210046ACF2 /* Build configuration list for PBXNativeTarget "CRITests" */ = {
			isa = XCConfigurationList;
			buildConfigurations = (
				B47B081F24225A210046ACF2 /* Debug */,
				B47B082024225A210046ACF2 /* Release */,
			);
			defaultConfigurationIsVisible = 0;
			defaultConfigurationName = Release;
		};
		B47B082124225A210046ACF2 /* Build configuration list for PBXNativeTarget "CRIUITests" */ = {
			isa = XCConfigurationList;
			buildConfigurations = (
				B47B082224225A210046ACF2 /* Debug */,
				B47B082324225A210046ACF2 /* Release */,
			);
			defaultConfigurationIsVisible = 0;
			defaultConfigurationName = Release;
		};
/* End XCConfigurationList section */

/* Begin XCRemoteSwiftPackageReference section */
		B47F8C8A24424FCF008961F5 /* XCRemoteSwiftPackageReference "PartialSheet" */ = {
			isa = XCRemoteSwiftPackageReference;
			repositoryURL = "https://github.com/AndreaMiotto/PartialSheet";
			requirement = {
				kind = upToNextMajorVersion;
				minimumVersion = 0.1.0;
			};
		};
		B4D10E8B2454203300C3B813 /* XCRemoteSwiftPackageReference "fuzzy-swift" */ = {
			isa = XCRemoteSwiftPackageReference;
			repositoryURL = "https://github.com/khoi/fuzzy-swift";
			requirement = {
				kind = upToNextMajorVersion;
				minimumVersion = 0.1.0;
			};
		};
/* End XCRemoteSwiftPackageReference section */

/* Begin XCSwiftPackageProductDependency section */
		B47F8C8B24424FCF008961F5 /* PartialSheet */ = {
			isa = XCSwiftPackageProductDependency;
			package = B47F8C8A24424FCF008961F5 /* XCRemoteSwiftPackageReference "PartialSheet" */;
			productName = PartialSheet;
		};
		B4D10E8C2454203400C3B813 /* Fuzzy */ = {
			isa = XCSwiftPackageProductDependency;
			package = B4D10E8B2454203300C3B813 /* XCRemoteSwiftPackageReference "fuzzy-swift" */;
			productName = Fuzzy;
		};
/* End XCSwiftPackageProductDependency section */
	};
	rootObject = B47B07E924225A200046ACF2 /* Project object */;
}
