// !$*UTF8*$!
{
	archiveVersion = 1;
	classes = {
	};
	objectVersion = 50;
	objects = {

/* Begin PBXBuildFile section */
		B41BBA84218678DB008AAD07 /* ProductSearchResultsCell.xib in Resources */ = {isa = PBXBuildFile; fileRef = B41BBA83218678DB008AAD07 /* ProductSearchResultsCell.xib */; };
		B41BBA85218678DB008AAD07 /* ProductSearchResultsCell.xib in Resources */ = {isa = PBXBuildFile; fileRef = B41BBA83218678DB008AAD07 /* ProductSearchResultsCell.xib */; };
		B41BBA86218678DB008AAD07 /* ProductSearchResultsCell.xib in Resources */ = {isa = PBXBuildFile; fileRef = B41BBA83218678DB008AAD07 /* ProductSearchResultsCell.xib */; };
		B41BBA8821867CA2008AAD07 /* ProductSearchResultsCell.swift in Sources */ = {isa = PBXBuildFile; fileRef = B41BBA8721867CA2008AAD07 /* ProductSearchResultsCell.swift */; };
		B41BBA8921867CA2008AAD07 /* ProductSearchResultsCell.swift in Sources */ = {isa = PBXBuildFile; fileRef = B41BBA8721867CA2008AAD07 /* ProductSearchResultsCell.swift */; };
		B41BBA8A21867CA2008AAD07 /* ProductSearchResultsCell.swift in Sources */ = {isa = PBXBuildFile; fileRef = B41BBA8721867CA2008AAD07 /* ProductSearchResultsCell.swift */; };
		B42614112172E25A004DA763 /* ExploreProductsViewModel.swift in Sources */ = {isa = PBXBuildFile; fileRef = B42614102172E25A004DA763 /* ExploreProductsViewModel.swift */; };
		B42614122172E25A004DA763 /* ExploreProductsViewModel.swift in Sources */ = {isa = PBXBuildFile; fileRef = B42614102172E25A004DA763 /* ExploreProductsViewModel.swift */; };
		B42614132172E25A004DA763 /* ExploreProductsViewModel.swift in Sources */ = {isa = PBXBuildFile; fileRef = B42614102172E25A004DA763 /* ExploreProductsViewModel.swift */; };
		B439026D217D5ADD00AC411B /* LoginViewModel.swift in Sources */ = {isa = PBXBuildFile; fileRef = B439026C217D5ADD00AC411B /* LoginViewModel.swift */; };
		B439026F217D5CEB00AC411B /* AuthService.swift in Sources */ = {isa = PBXBuildFile; fileRef = B439026E217D5CEB00AC411B /* AuthService.swift */; };
		B4403DC121804B6000EB5BC3 /* AuthService.swift in Sources */ = {isa = PBXBuildFile; fileRef = B439026E217D5CEB00AC411B /* AuthService.swift */; };
		B4403DC221804B6000EB5BC3 /* AuthService.swift in Sources */ = {isa = PBXBuildFile; fileRef = B439026E217D5CEB00AC411B /* AuthService.swift */; };
		B443F38A21840FE40021BCAE /* Environment.swift in Sources */ = {isa = PBXBuildFile; fileRef = B4AEDB81217BC1D300C99054 /* Environment.swift */; };
		B443F38B21840FE50021BCAE /* Environment.swift in Sources */ = {isa = PBXBuildFile; fileRef = B4AEDB81217BC1D300C99054 /* Environment.swift */; };
		B443F38D218552E60021BCAE /* ProductsService.swift in Sources */ = {isa = PBXBuildFile; fileRef = B443F38C218552E60021BCAE /* ProductsService.swift */; };
		B443F38E218552E60021BCAE /* ProductsService.swift in Sources */ = {isa = PBXBuildFile; fileRef = B443F38C218552E60021BCAE /* ProductsService.swift */; };
		B443F38F218552E60021BCAE /* ProductsService.swift in Sources */ = {isa = PBXBuildFile; fileRef = B443F38C218552E60021BCAE /* ProductsService.swift */; };
		B443F39121855F8C0021BCAE /* Product.swift in Sources */ = {isa = PBXBuildFile; fileRef = B443F39021855F8C0021BCAE /* Product.swift */; };
		B443F39221855F8C0021BCAE /* Product.swift in Sources */ = {isa = PBXBuildFile; fileRef = B443F39021855F8C0021BCAE /* Product.swift */; };
		B443F39321855F8C0021BCAE /* Product.swift in Sources */ = {isa = PBXBuildFile; fileRef = B443F39021855F8C0021BCAE /* Product.swift */; };
		B48B13EC2152017700252B10 /* ExploreProductsCoordinator.swift in Sources */ = {isa = PBXBuildFile; fileRef = B48B13EB2152017700252B10 /* ExploreProductsCoordinator.swift */; };
		B48B13ED2152017700252B10 /* ExploreProductsCoordinator.swift in Sources */ = {isa = PBXBuildFile; fileRef = B48B13EB2152017700252B10 /* ExploreProductsCoordinator.swift */; };
		B48B13EE2152017700252B10 /* ExploreProductsCoordinator.swift in Sources */ = {isa = PBXBuildFile; fileRef = B48B13EB2152017700252B10 /* ExploreProductsCoordinator.swift */; };
		B48D28A62169AA05006ED5C5 /* TabbarCoordinator.swift in Sources */ = {isa = PBXBuildFile; fileRef = B48D28A52169AA05006ED5C5 /* TabbarCoordinator.swift */; };
		B48D28A72169AA05006ED5C5 /* TabbarCoordinator.swift in Sources */ = {isa = PBXBuildFile; fileRef = B48D28A52169AA05006ED5C5 /* TabbarCoordinator.swift */; };
		B48D28A82169AA05006ED5C5 /* TabbarCoordinator.swift in Sources */ = {isa = PBXBuildFile; fileRef = B48D28A52169AA05006ED5C5 /* TabbarCoordinator.swift */; };
		B4AEDB78217BACD500C99054 /* CannaRateIt-Dev.xcconfig in Resources */ = {isa = PBXBuildFile; fileRef = B4AEDB77217BACD500C99054 /* CannaRateIt-Dev.xcconfig */; };
		B4AEDB7A217BACE500C99054 /* CannaRateIt-Staging.xcconfig in Resources */ = {isa = PBXBuildFile; fileRef = B4AEDB79217BACE500C99054 /* CannaRateIt-Staging.xcconfig */; };
		B4AEDB7C217BAE8D00C99054 /* CannaRateIt-Prod.xcconfig in Resources */ = {isa = PBXBuildFile; fileRef = B4AEDB7B217BAE8D00C99054 /* CannaRateIt-Prod.xcconfig */; };
		B4AEDB82217BC1D300C99054 /* Environment.swift in Sources */ = {isa = PBXBuildFile; fileRef = B4AEDB81217BC1D300C99054 /* Environment.swift */; };
		B4D85769214DCFB800EDDA73 /* AppDelegate.swift in Sources */ = {isa = PBXBuildFile; fileRef = B4D85768214DCFB800EDDA73 /* AppDelegate.swift */; };
		B4D8576B214DCFB800EDDA73 /* ViewController.swift in Sources */ = {isa = PBXBuildFile; fileRef = B4D8576A214DCFB800EDDA73 /* ViewController.swift */; };
		B4D85771214DCFB800EDDA73 /* CannaRateIt.xcdatamodeld in Sources */ = {isa = PBXBuildFile; fileRef = B4D8576F214DCFB800EDDA73 /* CannaRateIt.xcdatamodeld */; };
		B4D85773214DCFBA00EDDA73 /* Assets.xcassets in Resources */ = {isa = PBXBuildFile; fileRef = B4D85772214DCFBA00EDDA73 /* Assets.xcassets */; };
		B4D85776214DCFBA00EDDA73 /* LaunchScreen.storyboard in Resources */ = {isa = PBXBuildFile; fileRef = B4D85774214DCFBA00EDDA73 /* LaunchScreen.storyboard */; };
		B4D85781214DCFBA00EDDA73 /* CannaRateItTests.swift in Sources */ = {isa = PBXBuildFile; fileRef = B4D85780214DCFBA00EDDA73 /* CannaRateItTests.swift */; };
		B4D8578C214DCFBA00EDDA73 /* CannaRateItUITests.swift in Sources */ = {isa = PBXBuildFile; fileRef = B4D8578B214DCFBA00EDDA73 /* CannaRateItUITests.swift */; };
		B4D8579A214DF91000EDDA73 /* Coordinator.swift in Sources */ = {isa = PBXBuildFile; fileRef = B4D85799214DF91000EDDA73 /* Coordinator.swift */; };
		B4D8579B214DF91000EDDA73 /* Coordinator.swift in Sources */ = {isa = PBXBuildFile; fileRef = B4D85799214DF91000EDDA73 /* Coordinator.swift */; };
		B4D8579C214DF91000EDDA73 /* Coordinator.swift in Sources */ = {isa = PBXBuildFile; fileRef = B4D85799214DF91000EDDA73 /* Coordinator.swift */; };
		B4D8579E214E4B1B00EDDA73 /* ExploreProductsViewController.xib in Resources */ = {isa = PBXBuildFile; fileRef = B4D8579D214E4B1B00EDDA73 /* ExploreProductsViewController.xib */; };
		B4D8579F214E4B1B00EDDA73 /* ExploreProductsViewController.xib in Resources */ = {isa = PBXBuildFile; fileRef = B4D8579D214E4B1B00EDDA73 /* ExploreProductsViewController.xib */; };
		B4D857A0214E4B1B00EDDA73 /* ExploreProductsViewController.xib in Resources */ = {isa = PBXBuildFile; fileRef = B4D8579D214E4B1B00EDDA73 /* ExploreProductsViewController.xib */; };
		B4D857A2214E662500EDDA73 /* ApplicationCoordinator.swift in Sources */ = {isa = PBXBuildFile; fileRef = B4D857A1214E662500EDDA73 /* ApplicationCoordinator.swift */; };
		B4D857A3214E662500EDDA73 /* ApplicationCoordinator.swift in Sources */ = {isa = PBXBuildFile; fileRef = B4D857A1214E662500EDDA73 /* ApplicationCoordinator.swift */; };
		B4D857A4214E662500EDDA73 /* ApplicationCoordinator.swift in Sources */ = {isa = PBXBuildFile; fileRef = B4D857A1214E662500EDDA73 /* ApplicationCoordinator.swift */; };
		B4FFD2A72168ED60005964BF /* ExploreProductsViewController.swift in Sources */ = {isa = PBXBuildFile; fileRef = B4FFD2A62168ED60005964BF /* ExploreProductsViewController.swift */; };
		B4FFD2A8216904C5005964BF /* ExploreProductsViewController.swift in Sources */ = {isa = PBXBuildFile; fileRef = B4FFD2A62168ED60005964BF /* ExploreProductsViewController.swift */; };
		B4FFD2A9216904C6005964BF /* ExploreProductsViewController.swift in Sources */ = {isa = PBXBuildFile; fileRef = B4FFD2A62168ED60005964BF /* ExploreProductsViewController.swift */; };
/* End PBXBuildFile section */

/* Begin PBXContainerItemProxy section */
		B4D8577D214DCFBA00EDDA73 /* PBXContainerItemProxy */ = {
			isa = PBXContainerItemProxy;
			containerPortal = B4D8575D214DCFB800EDDA73 /* Project object */;
			proxyType = 1;
			remoteGlobalIDString = B4D85764214DCFB800EDDA73;
			remoteInfo = CannaRateIt;
		};
		B4D85788214DCFBA00EDDA73 /* PBXContainerItemProxy */ = {
			isa = PBXContainerItemProxy;
			containerPortal = B4D8575D214DCFB800EDDA73 /* Project object */;
			proxyType = 1;
			remoteGlobalIDString = B4D85764214DCFB800EDDA73;
			remoteInfo = CannaRateIt;
		};
/* End PBXContainerItemProxy section */

/* Begin PBXFileReference section */
		B41BBA83218678DB008AAD07 /* ProductSearchResultsCell.xib */ = {isa = PBXFileReference; lastKnownFileType = file.xib; path = ProductSearchResultsCell.xib; sourceTree = "<group>"; };
		B41BBA8721867CA2008AAD07 /* ProductSearchResultsCell.swift */ = {isa = PBXFileReference; lastKnownFileType = sourcecode.swift; path = ProductSearchResultsCell.swift; sourceTree = "<group>"; };
		B42614102172E25A004DA763 /* ExploreProductsViewModel.swift */ = {isa = PBXFileReference; lastKnownFileType = sourcecode.swift; path = ExploreProductsViewModel.swift; sourceTree = "<group>"; };
		B439026C217D5ADD00AC411B /* LoginViewModel.swift */ = {isa = PBXFileReference; lastKnownFileType = sourcecode.swift; path = LoginViewModel.swift; sourceTree = "<group>"; };
		B439026E217D5CEB00AC411B /* AuthService.swift */ = {isa = PBXFileReference; lastKnownFileType = sourcecode.swift; path = AuthService.swift; sourceTree = "<group>"; };
		B443F38C218552E60021BCAE /* ProductsService.swift */ = {isa = PBXFileReference; lastKnownFileType = sourcecode.swift; path = ProductsService.swift; sourceTree = "<group>"; };
		B443F39021855F8C0021BCAE /* Product.swift */ = {isa = PBXFileReference; lastKnownFileType = sourcecode.swift; path = Product.swift; sourceTree = "<group>"; };
		B48B13EB2152017700252B10 /* ExploreProductsCoordinator.swift */ = {isa = PBXFileReference; lastKnownFileType = sourcecode.swift; path = ExploreProductsCoordinator.swift; sourceTree = "<group>"; };
		B48D28A52169AA05006ED5C5 /* TabbarCoordinator.swift */ = {isa = PBXFileReference; lastKnownFileType = sourcecode.swift; path = TabbarCoordinator.swift; sourceTree = "<group>"; };
		B4AEDB77217BACD500C99054 /* CannaRateIt-Dev.xcconfig */ = {isa = PBXFileReference; lastKnownFileType = text.xcconfig; path = "CannaRateIt-Dev.xcconfig"; sourceTree = "<group>"; };
		B4AEDB79217BACE500C99054 /* CannaRateIt-Staging.xcconfig */ = {isa = PBXFileReference; lastKnownFileType = text.xcconfig; path = "CannaRateIt-Staging.xcconfig"; sourceTree = "<group>"; };
		B4AEDB7B217BAE8D00C99054 /* CannaRateIt-Prod.xcconfig */ = {isa = PBXFileReference; lastKnownFileType = text.xcconfig; path = "CannaRateIt-Prod.xcconfig"; sourceTree = "<group>"; };
		B4AEDB7D217BB5E500C99054 /* CannaRateIt-Prod.plist */ = {isa = PBXFileReference; fileEncoding = 4; lastKnownFileType = text.plist.xml; path = "CannaRateIt-Prod.plist"; sourceTree = "<group>"; };
		B4AEDB7E217BB5E500C99054 /* CannaRateIt-Staging.plist */ = {isa = PBXFileReference; fileEncoding = 4; lastKnownFileType = text.plist.xml; path = "CannaRateIt-Staging.plist"; sourceTree = "<group>"; };
		B4AEDB81217BC1D300C99054 /* Environment.swift */ = {isa = PBXFileReference; lastKnownFileType = sourcecode.swift; path = Environment.swift; sourceTree = "<group>"; };
		B4D85765214DCFB800EDDA73 /* CannaRateIt.app */ = {isa = PBXFileReference; explicitFileType = wrapper.application; includeInIndex = 0; path = CannaRateIt.app; sourceTree = BUILT_PRODUCTS_DIR; };
		B4D85768214DCFB800EDDA73 /* AppDelegate.swift */ = {isa = PBXFileReference; lastKnownFileType = sourcecode.swift; path = AppDelegate.swift; sourceTree = "<group>"; };
		B4D8576A214DCFB800EDDA73 /* ViewController.swift */ = {isa = PBXFileReference; lastKnownFileType = sourcecode.swift; path = ViewController.swift; sourceTree = "<group>"; };
		B4D85770214DCFB800EDDA73 /* CannaRateIt.xcdatamodel */ = {isa = PBXFileReference; lastKnownFileType = wrapper.xcdatamodel; path = CannaRateIt.xcdatamodel; sourceTree = "<group>"; };
		B4D85772214DCFBA00EDDA73 /* Assets.xcassets */ = {isa = PBXFileReference; lastKnownFileType = folder.assetcatalog; path = Assets.xcassets; sourceTree = "<group>"; };
		B4D85775214DCFBA00EDDA73 /* Base */ = {isa = PBXFileReference; lastKnownFileType = file.storyboard; name = Base; path = Base.lproj/LaunchScreen.storyboard; sourceTree = "<group>"; };
		B4D85777214DCFBA00EDDA73 /* CannaRateIt-Dev.plist */ = {isa = PBXFileReference; lastKnownFileType = text.plist.xml; path = "CannaRateIt-Dev.plist"; sourceTree = "<group>"; };
		B4D8577C214DCFBA00EDDA73 /* CannaRateItTests.xctest */ = {isa = PBXFileReference; explicitFileType = wrapper.cfbundle; includeInIndex = 0; path = CannaRateItTests.xctest; sourceTree = BUILT_PRODUCTS_DIR; };
		B4D85780214DCFBA00EDDA73 /* CannaRateItTests.swift */ = {isa = PBXFileReference; lastKnownFileType = sourcecode.swift; path = CannaRateItTests.swift; sourceTree = "<group>"; };
		B4D85782214DCFBA00EDDA73 /* Info.plist */ = {isa = PBXFileReference; lastKnownFileType = text.plist.xml; path = Info.plist; sourceTree = "<group>"; };
		B4D85787214DCFBA00EDDA73 /* CannaRateItUITests.xctest */ = {isa = PBXFileReference; explicitFileType = wrapper.cfbundle; includeInIndex = 0; path = CannaRateItUITests.xctest; sourceTree = BUILT_PRODUCTS_DIR; };
		B4D8578B214DCFBA00EDDA73 /* CannaRateItUITests.swift */ = {isa = PBXFileReference; lastKnownFileType = sourcecode.swift; path = CannaRateItUITests.swift; sourceTree = "<group>"; };
		B4D8578D214DCFBA00EDDA73 /* Info.plist */ = {isa = PBXFileReference; lastKnownFileType = text.plist.xml; path = Info.plist; sourceTree = "<group>"; };
		B4D85799214DF91000EDDA73 /* Coordinator.swift */ = {isa = PBXFileReference; lastKnownFileType = sourcecode.swift; path = Coordinator.swift; sourceTree = "<group>"; };
		B4D8579D214E4B1B00EDDA73 /* ExploreProductsViewController.xib */ = {isa = PBXFileReference; lastKnownFileType = file.xib; path = ExploreProductsViewController.xib; sourceTree = "<group>"; };
		B4D857A1214E662500EDDA73 /* ApplicationCoordinator.swift */ = {isa = PBXFileReference; lastKnownFileType = sourcecode.swift; path = ApplicationCoordinator.swift; sourceTree = "<group>"; };
		B4FFD2A62168ED60005964BF /* ExploreProductsViewController.swift */ = {isa = PBXFileReference; lastKnownFileType = sourcecode.swift; path = ExploreProductsViewController.swift; sourceTree = "<group>"; };
/* End PBXFileReference section */

/* Begin PBXFrameworksBuildPhase section */
		B4D85762214DCFB800EDDA73 /* Frameworks */ = {
			isa = PBXFrameworksBuildPhase;
			buildActionMask = 2147483647;
			files = (
			);
			runOnlyForDeploymentPostprocessing = 0;
		};
		B4D85779214DCFBA00EDDA73 /* Frameworks */ = {
			isa = PBXFrameworksBuildPhase;
			buildActionMask = 2147483647;
			files = (
			);
			runOnlyForDeploymentPostprocessing = 0;
		};
		B4D85784214DCFBA00EDDA73 /* Frameworks */ = {
			isa = PBXFrameworksBuildPhase;
			buildActionMask = 2147483647;
			files = (
			);
			runOnlyForDeploymentPostprocessing = 0;
		};
/* End PBXFrameworksBuildPhase section */

/* Begin PBXGroup section */
		B4D8575C214DCFB800EDDA73 = {
			isa = PBXGroup;
			children = (
				B4D85767214DCFB800EDDA73 /* CannaRateIt */,
				B4D8577F214DCFBA00EDDA73 /* CannaRateItTests */,
				B4D8578A214DCFBA00EDDA73 /* CannaRateItUITests */,
				B4D85766214DCFB800EDDA73 /* Products */,
			);
			sourceTree = "<group>";
		};
		B4D85766214DCFB800EDDA73 /* Products */ = {
			isa = PBXGroup;
			children = (
				B4D85765214DCFB800EDDA73 /* CannaRateIt.app */,
				B4D8577C214DCFBA00EDDA73 /* CannaRateItTests.xctest */,
				B4D85787214DCFBA00EDDA73 /* CannaRateItUITests.xctest */,
			);
			name = Products;
			sourceTree = "<group>";
		};
		B4D85767214DCFB800EDDA73 /* CannaRateIt */ = {
			isa = PBXGroup;
			children = (
				B4AEDB7B217BAE8D00C99054 /* CannaRateIt-Prod.xcconfig */,
				B4AEDB79217BACE500C99054 /* CannaRateIt-Staging.xcconfig */,
				B4AEDB77217BACD500C99054 /* CannaRateIt-Dev.xcconfig */,
				B4D85768214DCFB800EDDA73 /* AppDelegate.swift */,
				B4D8576A214DCFB800EDDA73 /* ViewController.swift */,
				B4D85772214DCFBA00EDDA73 /* Assets.xcassets */,
				B4D85774214DCFBA00EDDA73 /* LaunchScreen.storyboard */,
				B4D85777214DCFBA00EDDA73 /* CannaRateIt-Dev.plist */,
				B4AEDB7E217BB5E500C99054 /* CannaRateIt-Staging.plist */,
				B4AEDB7D217BB5E500C99054 /* CannaRateIt-Prod.plist */,
				B4D8576F214DCFB800EDDA73 /* CannaRateIt.xcdatamodeld */,
				B4D85799214DF91000EDDA73 /* Coordinator.swift */,
				B4D8579D214E4B1B00EDDA73 /* ExploreProductsViewController.xib */,
				B4D857A1214E662500EDDA73 /* ApplicationCoordinator.swift */,
				B48B13EB2152017700252B10 /* ExploreProductsCoordinator.swift */,
				B4FFD2A62168ED60005964BF /* ExploreProductsViewController.swift */,
				B48D28A52169AA05006ED5C5 /* TabbarCoordinator.swift */,
				B42614102172E25A004DA763 /* ExploreProductsViewModel.swift */,
				B4AEDB81217BC1D300C99054 /* Environment.swift */,
				B439026C217D5ADD00AC411B /* LoginViewModel.swift */,
				B439026E217D5CEB00AC411B /* AuthService.swift */,
				B443F38C218552E60021BCAE /* ProductsService.swift */,
				B443F39021855F8C0021BCAE /* Product.swift */,
				B41BBA83218678DB008AAD07 /* ProductSearchResultsCell.xib */,
				B41BBA8721867CA2008AAD07 /* ProductSearchResultsCell.swift */,
			);
			path = CannaRateIt;
			sourceTree = "<group>";
		};
		B4D8577F214DCFBA00EDDA73 /* CannaRateItTests */ = {
			isa = PBXGroup;
			children = (
				B4D85780214DCFBA00EDDA73 /* CannaRateItTests.swift */,
				B4D85782214DCFBA00EDDA73 /* Info.plist */,
			);
			path = CannaRateItTests;
			sourceTree = "<group>";
		};
		B4D8578A214DCFBA00EDDA73 /* CannaRateItUITests */ = {
			isa = PBXGroup;
			children = (
				B4D8578B214DCFBA00EDDA73 /* CannaRateItUITests.swift */,
				B4D8578D214DCFBA00EDDA73 /* Info.plist */,
			);
			path = CannaRateItUITests;
			sourceTree = "<group>";
		};
/* End PBXGroup section */

/* Begin PBXNativeTarget section */
		B4D85764214DCFB800EDDA73 /* CannaRateIt */ = {
			isa = PBXNativeTarget;
			buildConfigurationList = B4D85790214DCFBA00EDDA73 /* Build configuration list for PBXNativeTarget "CannaRateIt" */;
			buildPhases = (
				B4D85761214DCFB800EDDA73 /* Sources */,
				B4D85762214DCFB800EDDA73 /* Frameworks */,
				B4D85763214DCFB800EDDA73 /* Resources */,
			);
			buildRules = (
			);
			dependencies = (
			);
			name = CannaRateIt;
			productName = CannaRateIt;
			productReference = B4D85765214DCFB800EDDA73 /* CannaRateIt.app */;
			productType = "com.apple.product-type.application";
		};
		B4D8577B214DCFBA00EDDA73 /* CannaRateItTests */ = {
			isa = PBXNativeTarget;
			buildConfigurationList = B4D85793214DCFBA00EDDA73 /* Build configuration list for PBXNativeTarget "CannaRateItTests" */;
			buildPhases = (
				B4D85778214DCFBA00EDDA73 /* Sources */,
				B4D85779214DCFBA00EDDA73 /* Frameworks */,
				B4D8577A214DCFBA00EDDA73 /* Resources */,
			);
			buildRules = (
			);
			dependencies = (
				B4D8577E214DCFBA00EDDA73 /* PBXTargetDependency */,
			);
			name = CannaRateItTests;
			productName = CannaRateItTests;
			productReference = B4D8577C214DCFBA00EDDA73 /* CannaRateItTests.xctest */;
			productType = "com.apple.product-type.bundle.unit-test";
		};
		B4D85786214DCFBA00EDDA73 /* CannaRateItUITests */ = {
			isa = PBXNativeTarget;
			buildConfigurationList = B4D85796214DCFBA00EDDA73 /* Build configuration list for PBXNativeTarget "CannaRateItUITests" */;
			buildPhases = (
				B4D85783214DCFBA00EDDA73 /* Sources */,
				B4D85784214DCFBA00EDDA73 /* Frameworks */,
				B4D85785214DCFBA00EDDA73 /* Resources */,
			);
			buildRules = (
			);
			dependencies = (
				B4D85789214DCFBA00EDDA73 /* PBXTargetDependency */,
			);
			name = CannaRateItUITests;
			productName = CannaRateItUITests;
			productReference = B4D85787214DCFBA00EDDA73 /* CannaRateItUITests.xctest */;
			productType = "com.apple.product-type.bundle.ui-testing";
		};
/* End PBXNativeTarget section */

/* Begin PBXProject section */
		B4D8575D214DCFB800EDDA73 /* Project object */ = {
			isa = PBXProject;
			attributes = {
				LastSwiftUpdateCheck = 0940;
				LastUpgradeCheck = 0940;
				ORGANIZATIONNAME = Yooniverse;
				TargetAttributes = {
					B4D85764214DCFB800EDDA73 = {
						CreatedOnToolsVersion = 9.4.1;
					};
					B4D8577B214DCFBA00EDDA73 = {
						CreatedOnToolsVersion = 9.4.1;
						TestTargetID = B4D85764214DCFB800EDDA73;
					};
					B4D85786214DCFBA00EDDA73 = {
						CreatedOnToolsVersion = 9.4.1;
						TestTargetID = B4D85764214DCFB800EDDA73;
					};
				};
			};
			buildConfigurationList = B4D85760214DCFB800EDDA73 /* Build configuration list for PBXProject "CannaRateIt" */;
			compatibilityVersion = "Xcode 9.3";
			developmentRegion = en;
			hasScannedForEncodings = 0;
			knownRegions = (
				en,
				Base,
			);
			mainGroup = B4D8575C214DCFB800EDDA73;
			productRefGroup = B4D85766214DCFB800EDDA73 /* Products */;
			projectDirPath = "";
			projectRoot = "";
			targets = (
				B4D85764214DCFB800EDDA73 /* CannaRateIt */,
				B4D8577B214DCFBA00EDDA73 /* CannaRateItTests */,
				B4D85786214DCFBA00EDDA73 /* CannaRateItUITests */,
			);
		};
/* End PBXProject section */

/* Begin PBXResourcesBuildPhase section */
		B4D85763214DCFB800EDDA73 /* Resources */ = {
			isa = PBXResourcesBuildPhase;
			buildActionMask = 2147483647;
			files = (
				B4D8579E214E4B1B00EDDA73 /* ExploreProductsViewController.xib in Resources */,
				B4AEDB78217BACD500C99054 /* CannaRateIt-Dev.xcconfig in Resources */,
				B4D85776214DCFBA00EDDA73 /* LaunchScreen.storyboard in Resources */,
				B4AEDB7A217BACE500C99054 /* CannaRateIt-Staging.xcconfig in Resources */,
				B4AEDB7C217BAE8D00C99054 /* CannaRateIt-Prod.xcconfig in Resources */,
				B4D85773214DCFBA00EDDA73 /* Assets.xcassets in Resources */,
				B41BBA84218678DB008AAD07 /* ProductSearchResultsCell.xib in Resources */,
			);
			runOnlyForDeploymentPostprocessing = 0;
		};
		B4D8577A214DCFBA00EDDA73 /* Resources */ = {
			isa = PBXResourcesBuildPhase;
			buildActionMask = 2147483647;
			files = (
				B41BBA85218678DB008AAD07 /* ProductSearchResultsCell.xib in Resources */,
				B4D8579F214E4B1B00EDDA73 /* ExploreProductsViewController.xib in Resources */,
			);
			runOnlyForDeploymentPostprocessing = 0;
		};
		B4D85785214DCFBA00EDDA73 /* Resources */ = {
			isa = PBXResourcesBuildPhase;
			buildActionMask = 2147483647;
			files = (
				B41BBA86218678DB008AAD07 /* ProductSearchResultsCell.xib in Resources */,
				B4D857A0214E4B1B00EDDA73 /* ExploreProductsViewController.xib in Resources */,
			);
			runOnlyForDeploymentPostprocessing = 0;
		};
/* End PBXResourcesBuildPhase section */

/* Begin PBXSourcesBuildPhase section */
		B4D85761214DCFB800EDDA73 /* Sources */ = {
			isa = PBXSourcesBuildPhase;
			buildActionMask = 2147483647;
			files = (
				B4D857A2214E662500EDDA73 /* ApplicationCoordinator.swift in Sources */,
				B4FFD2A72168ED60005964BF /* ExploreProductsViewController.swift in Sources */,
				B439026D217D5ADD00AC411B /* LoginViewModel.swift in Sources */,
				B439026F217D5CEB00AC411B /* AuthService.swift in Sources */,
				B41BBA8821867CA2008AAD07 /* ProductSearchResultsCell.swift in Sources */,
				B48D28A62169AA05006ED5C5 /* TabbarCoordinator.swift in Sources */,
				B4D8579A214DF91000EDDA73 /* Coordinator.swift in Sources */,
				B48B13EC2152017700252B10 /* ExploreProductsCoordinator.swift in Sources */,
				B4D85771214DCFB800EDDA73 /* CannaRateIt.xcdatamodeld in Sources */,
				B4D8576B214DCFB800EDDA73 /* ViewController.swift in Sources */,
				B42614112172E25A004DA763 /* ExploreProductsViewModel.swift in Sources */,
				B4D85769214DCFB800EDDA73 /* AppDelegate.swift in Sources */,
				B4AEDB82217BC1D300C99054 /* Environment.swift in Sources */,
				B443F38D218552E60021BCAE /* ProductsService.swift in Sources */,
				B443F39121855F8C0021BCAE /* Product.swift in Sources */,
			);
			runOnlyForDeploymentPostprocessing = 0;
		};
		B4D85778214DCFBA00EDDA73 /* Sources */ = {
			isa = PBXSourcesBuildPhase;
			buildActionMask = 2147483647;
			files = (
				B42614122172E25A004DA763 /* ExploreProductsViewModel.swift in Sources */,
				B48B13ED2152017700252B10 /* ExploreProductsCoordinator.swift in Sources */,
				B4D8579B214DF91000EDDA73 /* Coordinator.swift in Sources */,
				B4D85781214DCFBA00EDDA73 /* CannaRateItTests.swift in Sources */,
				B443F38A21840FE40021BCAE /* Environment.swift in Sources */,
				B443F39221855F8C0021BCAE /* Product.swift in Sources */,
				B4D857A3214E662500EDDA73 /* ApplicationCoordinator.swift in Sources */,
				B48D28A72169AA05006ED5C5 /* TabbarCoordinator.swift in Sources */,
				B4FFD2A8216904C5005964BF /* ExploreProductsViewController.swift in Sources */,
				B4403DC121804B6000EB5BC3 /* AuthService.swift in Sources */,
				B41BBA8921867CA2008AAD07 /* ProductSearchResultsCell.swift in Sources */,
				B443F38E218552E60021BCAE /* ProductsService.swift in Sources */,
			);
			runOnlyForDeploymentPostprocessing = 0;
		};
		B4D85783214DCFBA00EDDA73 /* Sources */ = {
			isa = PBXSourcesBuildPhase;
			buildActionMask = 2147483647;
			files = (
				B42614132172E25A004DA763 /* ExploreProductsViewModel.swift in Sources */,
				B48B13EE2152017700252B10 /* ExploreProductsCoordinator.swift in Sources */,
				B4D8579C214DF91000EDDA73 /* Coordinator.swift in Sources */,
				B4D8578C214DCFBA00EDDA73 /* CannaRateItUITests.swift in Sources */,
				B443F38B21840FE50021BCAE /* Environment.swift in Sources */,
				B443F39321855F8C0021BCAE /* Product.swift in Sources */,
				B4D857A4214E662500EDDA73 /* ApplicationCoordinator.swift in Sources */,
				B48D28A82169AA05006ED5C5 /* TabbarCoordinator.swift in Sources */,
				B4FFD2A9216904C6005964BF /* ExploreProductsViewController.swift in Sources */,
				B4403DC221804B6000EB5BC3 /* AuthService.swift in Sources */,
				B41BBA8A21867CA2008AAD07 /* ProductSearchResultsCell.swift in Sources */,
				B443F38F218552E60021BCAE /* ProductsService.swift in Sources */,
			);
			runOnlyForDeploymentPostprocessing = 0;
		};
/* End PBXSourcesBuildPhase section */

/* Begin PBXTargetDependency section */
		B4D8577E214DCFBA00EDDA73 /* PBXTargetDependency */ = {
			isa = PBXTargetDependency;
			target = B4D85764214DCFB800EDDA73 /* CannaRateIt */;
			targetProxy = B4D8577D214DCFBA00EDDA73 /* PBXContainerItemProxy */;
		};
		B4D85789214DCFBA00EDDA73 /* PBXTargetDependency */ = {
			isa = PBXTargetDependency;
			target = B4D85764214DCFB800EDDA73 /* CannaRateIt */;
			targetProxy = B4D85788214DCFBA00EDDA73 /* PBXContainerItemProxy */;
		};
/* End PBXTargetDependency section */

/* Begin PBXVariantGroup section */
		B4D85774214DCFBA00EDDA73 /* LaunchScreen.storyboard */ = {
			isa = PBXVariantGroup;
			children = (
				B4D85775214DCFBA00EDDA73 /* Base */,
			);
			name = LaunchScreen.storyboard;
			sourceTree = "<group>";
		};
/* End PBXVariantGroup section */

/* Begin XCBuildConfiguration section */
		B4AEDB73217BABCF00C99054 /* Staging */ = {
			isa = XCBuildConfiguration;
			baseConfigurationReference = B4AEDB79217BACE500C99054 /* CannaRateIt-Staging.xcconfig */;
			buildSettings = {
				ALWAYS_SEARCH_USER_PATHS = NO;
				CLANG_ANALYZER_NONNULL = YES;
				CLANG_ANALYZER_NUMBER_OBJECT_CONVERSION = YES_AGGRESSIVE;
				CLANG_CXX_LANGUAGE_STANDARD = "gnu++14";
				CLANG_CXX_LIBRARY = "libc++";
				CLANG_ENABLE_MODULES = YES;
				CLANG_ENABLE_OBJC_ARC = YES;
				CLANG_ENABLE_OBJC_WEAK = YES;
				CLANG_WARN_BLOCK_CAPTURE_AUTORELEASING = YES;
				CLANG_WARN_BOOL_CONVERSION = YES;
				CLANG_WARN_COMMA = YES;
				CLANG_WARN_CONSTANT_CONVERSION = YES;
				CLANG_WARN_DEPRECATED_OBJC_IMPLEMENTATIONS = YES;
				CLANG_WARN_DIRECT_OBJC_ISA_USAGE = YES_ERROR;
				CLANG_WARN_DOCUMENTATION_COMMENTS = YES;
				CLANG_WARN_EMPTY_BODY = YES;
				CLANG_WARN_ENUM_CONVERSION = YES;
				CLANG_WARN_INFINITE_RECURSION = YES;
				CLANG_WARN_INT_CONVERSION = YES;
				CLANG_WARN_NON_LITERAL_NULL_CONVERSION = YES;
				CLANG_WARN_OBJC_IMPLICIT_RETAIN_SELF = YES;
				CLANG_WARN_OBJC_LITERAL_CONVERSION = YES;
				CLANG_WARN_OBJC_ROOT_CLASS = YES_ERROR;
				CLANG_WARN_RANGE_LOOP_ANALYSIS = YES;
				CLANG_WARN_STRICT_PROTOTYPES = YES;
				CLANG_WARN_SUSPICIOUS_MOVE = YES;
				CLANG_WARN_UNGUARDED_AVAILABILITY = YES_AGGRESSIVE;
				CLANG_WARN_UNREACHABLE_CODE = YES;
				CLANG_WARN__DUPLICATE_METHOD_MATCH = YES;
				CODE_SIGN_IDENTITY = "iPhone Developer";
				COPY_PHASE_STRIP = NO;
				DEBUG_INFORMATION_FORMAT = dwarf;
				ENABLE_STRICT_OBJC_MSGSEND = YES;
				ENABLE_TESTABILITY = YES;
				GCC_C_LANGUAGE_STANDARD = gnu11;
				GCC_DYNAMIC_NO_PIC = NO;
				GCC_NO_COMMON_BLOCKS = YES;
				GCC_OPTIMIZATION_LEVEL = 0;
				GCC_PREPROCESSOR_DEFINITIONS = (
					"DEBUG=1",
					"$(inherited)",
				);
				GCC_WARN_64_TO_32_BIT_CONVERSION = YES;
				GCC_WARN_ABOUT_RETURN_TYPE = YES_ERROR;
				GCC_WARN_UNDECLARED_SELECTOR = YES;
				GCC_WARN_UNINITIALIZED_AUTOS = YES_AGGRESSIVE;
				GCC_WARN_UNUSED_FUNCTION = YES;
				GCC_WARN_UNUSED_VARIABLE = YES;
				IPHONEOS_DEPLOYMENT_TARGET = 11.4;
				MTL_ENABLE_DEBUG_INFO = YES;
				ONLY_ACTIVE_ARCH = YES;
				SDKROOT = iphoneos;
				SWIFT_ACTIVE_COMPILATION_CONDITIONS = DEBUG;
				SWIFT_OPTIMIZATION_LEVEL = "-Onone";
			};
			name = Staging;
		};
		B4AEDB74217BABCF00C99054 /* Staging */ = {
			isa = XCBuildConfiguration;
			baseConfigurationReference = B4AEDB79217BACE500C99054 /* CannaRateIt-Staging.xcconfig */;
			buildSettings = {
				ASSETCATALOG_COMPILER_APPICON_NAME = AppIcon;
				CODE_SIGN_STYLE = Automatic;
				DEVELOPMENT_TEAM = SRYM53R5XT;
				INFOPLIST_FILE = "CannaRateIt/CannaRateIt-Staging.plist";
				LD_RUNPATH_SEARCH_PATHS = (
					"$(inherited)",
					"@executable_path/Frameworks",
				);
				PRODUCT_BUNDLE_IDENTIFIER = com.yooniverse.CannaRateIt.CannaRateIt;
				PRODUCT_NAME = "$(TARGET_NAME)";
				SWIFT_VERSION = 4.0;
				TARGETED_DEVICE_FAMILY = "1,2";
			};
			name = Staging;
		};
		B4AEDB75217BABCF00C99054 /* Staging */ = {
			isa = XCBuildConfiguration;
			baseConfigurationReference = B4AEDB79217BACE500C99054 /* CannaRateIt-Staging.xcconfig */;
			buildSettings = {
				ALWAYS_EMBED_SWIFT_STANDARD_LIBRARIES = YES;
				BUNDLE_LOADER = "$(TEST_HOST)";
				CODE_SIGN_STYLE = Automatic;
				INFOPLIST_FILE = CannaRateItTests/Info.plist;
				LD_RUNPATH_SEARCH_PATHS = (
					"$(inherited)",
					"@executable_path/Frameworks",
					"@loader_path/Frameworks",
				);
				PRODUCT_BUNDLE_IDENTIFIER = com.yooniverse.CannaRateIt.CannaRateItTests;
				PRODUCT_NAME = "$(TARGET_NAME)";
				SWIFT_VERSION = 4.0;
				TARGETED_DEVICE_FAMILY = "1,2";
				TEST_HOST = "$(BUILT_PRODUCTS_DIR)/CannaRateIt.app/CannaRateIt";
			};
			name = Staging;
		};
		B4AEDB76217BABCF00C99054 /* Staging */ = {
			isa = XCBuildConfiguration;
			baseConfigurationReference = B4AEDB79217BACE500C99054 /* CannaRateIt-Staging.xcconfig */;
			buildSettings = {
				ALWAYS_EMBED_SWIFT_STANDARD_LIBRARIES = YES;
				CODE_SIGN_STYLE = Automatic;
				INFOPLIST_FILE = CannaRateItUITests/Info.plist;
				LD_RUNPATH_SEARCH_PATHS = (
					"$(inherited)",
					"@executable_path/Frameworks",
					"@loader_path/Frameworks",
				);
				PRODUCT_BUNDLE_IDENTIFIER = com.yooniverse.CannaRateIt.CannaRateItUITests;
				PRODUCT_NAME = "$(TARGET_NAME)";
				SWIFT_VERSION = 4.0;
				TARGETED_DEVICE_FAMILY = "1,2";
				TEST_TARGET_NAME = CannaRateIt;
			};
			name = Staging;
		};
		B4D8578E214DCFBA00EDDA73 /* Debug */ = {
			isa = XCBuildConfiguration;
			baseConfigurationReference = B4AEDB77217BACD500C99054 /* CannaRateIt-Dev.xcconfig */;
			buildSettings = {
				ALWAYS_SEARCH_USER_PATHS = NO;
				CLANG_ANALYZER_NONNULL = YES;
				CLANG_ANALYZER_NUMBER_OBJECT_CONVERSION = YES_AGGRESSIVE;
				CLANG_CXX_LANGUAGE_STANDARD = "gnu++14";
				CLANG_CXX_LIBRARY = "libc++";
				CLANG_ENABLE_MODULES = YES;
				CLANG_ENABLE_OBJC_ARC = YES;
				CLANG_ENABLE_OBJC_WEAK = YES;
				CLANG_WARN_BLOCK_CAPTURE_AUTORELEASING = YES;
				CLANG_WARN_BOOL_CONVERSION = YES;
				CLANG_WARN_COMMA = YES;
				CLANG_WARN_CONSTANT_CONVERSION = YES;
				CLANG_WARN_DEPRECATED_OBJC_IMPLEMENTATIONS = YES;
				CLANG_WARN_DIRECT_OBJC_ISA_USAGE = YES_ERROR;
				CLANG_WARN_DOCUMENTATION_COMMENTS = YES;
				CLANG_WARN_EMPTY_BODY = YES;
				CLANG_WARN_ENUM_CONVERSION = YES;
				CLANG_WARN_INFINITE_RECURSION = YES;
				CLANG_WARN_INT_CONVERSION = YES;
				CLANG_WARN_NON_LITERAL_NULL_CONVERSION = YES;
				CLANG_WARN_OBJC_IMPLICIT_RETAIN_SELF = YES;
				CLANG_WARN_OBJC_LITERAL_CONVERSION = YES;
				CLANG_WARN_OBJC_ROOT_CLASS = YES_ERROR;
				CLANG_WARN_RANGE_LOOP_ANALYSIS = YES;
				CLANG_WARN_STRICT_PROTOTYPES = YES;
				CLANG_WARN_SUSPICIOUS_MOVE = YES;
				CLANG_WARN_UNGUARDED_AVAILABILITY = YES_AGGRESSIVE;
				CLANG_WARN_UNREACHABLE_CODE = YES;
				CLANG_WARN__DUPLICATE_METHOD_MATCH = YES;
				CODE_SIGN_IDENTITY = "iPhone Developer";
				COPY_PHASE_STRIP = NO;
				DEBUG_INFORMATION_FORMAT = dwarf;
				ENABLE_STRICT_OBJC_MSGSEND = YES;
				ENABLE_TESTABILITY = YES;
				GCC_C_LANGUAGE_STANDARD = gnu11;
				GCC_DYNAMIC_NO_PIC = NO;
				GCC_NO_COMMON_BLOCKS = YES;
				GCC_OPTIMIZATION_LEVEL = 0;
				GCC_PREPROCESSOR_DEFINITIONS = (
					"DEBUG=1",
					"$(inherited)",
				);
				GCC_WARN_64_TO_32_BIT_CONVERSION = YES;
				GCC_WARN_ABOUT_RETURN_TYPE = YES_ERROR;
				GCC_WARN_UNDECLARED_SELECTOR = YES;
				GCC_WARN_UNINITIALIZED_AUTOS = YES_AGGRESSIVE;
				GCC_WARN_UNUSED_FUNCTION = YES;
				GCC_WARN_UNUSED_VARIABLE = YES;
				IPHONEOS_DEPLOYMENT_TARGET = 11.4;
				MTL_ENABLE_DEBUG_INFO = YES;
				ONLY_ACTIVE_ARCH = YES;
				SDKROOT = iphoneos;
				SWIFT_ACTIVE_COMPILATION_CONDITIONS = DEBUG;
				SWIFT_OPTIMIZATION_LEVEL = "-Onone";
			};
			name = Debug;
		};
		B4D8578F214DCFBA00EDDA73 /* Release */ = {
			isa = XCBuildConfiguration;
			baseConfigurationReference = B4AEDB7B217BAE8D00C99054 /* CannaRateIt-Prod.xcconfig */;
			buildSettings = {
				ALWAYS_SEARCH_USER_PATHS = NO;
				CLANG_ANALYZER_NONNULL = YES;
				CLANG_ANALYZER_NUMBER_OBJECT_CONVERSION = YES_AGGRESSIVE;
				CLANG_CXX_LANGUAGE_STANDARD = "gnu++14";
				CLANG_CXX_LIBRARY = "libc++";
				CLANG_ENABLE_MODULES = YES;
				CLANG_ENABLE_OBJC_ARC = YES;
				CLANG_ENABLE_OBJC_WEAK = YES;
				CLANG_WARN_BLOCK_CAPTURE_AUTORELEASING = YES;
				CLANG_WARN_BOOL_CONVERSION = YES;
				CLANG_WARN_COMMA = YES;
				CLANG_WARN_CONSTANT_CONVERSION = YES;
				CLANG_WARN_DEPRECATED_OBJC_IMPLEMENTATIONS = YES;
				CLANG_WARN_DIRECT_OBJC_ISA_USAGE = YES_ERROR;
				CLANG_WARN_DOCUMENTATION_COMMENTS = YES;
				CLANG_WARN_EMPTY_BODY = YES;
				CLANG_WARN_ENUM_CONVERSION = YES;
				CLANG_WARN_INFINITE_RECURSION = YES;
				CLANG_WARN_INT_CONVERSION = YES;
				CLANG_WARN_NON_LITERAL_NULL_CONVERSION = YES;
				CLANG_WARN_OBJC_IMPLICIT_RETAIN_SELF = YES;
				CLANG_WARN_OBJC_LITERAL_CONVERSION = YES;
				CLANG_WARN_OBJC_ROOT_CLASS = YES_ERROR;
				CLANG_WARN_RANGE_LOOP_ANALYSIS = YES;
				CLANG_WARN_STRICT_PROTOTYPES = YES;
				CLANG_WARN_SUSPICIOUS_MOVE = YES;
				CLANG_WARN_UNGUARDED_AVAILABILITY = YES_AGGRESSIVE;
				CLANG_WARN_UNREACHABLE_CODE = YES;
				CLANG_WARN__DUPLICATE_METHOD_MATCH = YES;
				CODE_SIGN_IDENTITY = "iPhone Developer";
				COPY_PHASE_STRIP = NO;
				DEBUG_INFORMATION_FORMAT = "dwarf-with-dsym";
				ENABLE_NS_ASSERTIONS = NO;
				ENABLE_STRICT_OBJC_MSGSEND = YES;
				GCC_C_LANGUAGE_STANDARD = gnu11;
				GCC_NO_COMMON_BLOCKS = YES;
				GCC_WARN_64_TO_32_BIT_CONVERSION = YES;
				GCC_WARN_ABOUT_RETURN_TYPE = YES_ERROR;
				GCC_WARN_UNDECLARED_SELECTOR = YES;
				GCC_WARN_UNINITIALIZED_AUTOS = YES_AGGRESSIVE;
				GCC_WARN_UNUSED_FUNCTION = YES;
				GCC_WARN_UNUSED_VARIABLE = YES;
				IPHONEOS_DEPLOYMENT_TARGET = 11.4;
				MTL_ENABLE_DEBUG_INFO = NO;
				SDKROOT = iphoneos;
				SWIFT_COMPILATION_MODE = wholemodule;
				SWIFT_OPTIMIZATION_LEVEL = "-O";
				VALIDATE_PRODUCT = YES;
			};
			name = Release;
		};
		B4D85791214DCFBA00EDDA73 /* Debug */ = {
			isa = XCBuildConfiguration;
			baseConfigurationReference = B4AEDB77217BACD500C99054 /* CannaRateIt-Dev.xcconfig */;
			buildSettings = {
				ASSETCATALOG_COMPILER_APPICON_NAME = AppIcon;
				CODE_SIGN_STYLE = Automatic;
				DEVELOPMENT_TEAM = SRYM53R5XT;
				INFOPLIST_FILE = "CannaRateIt/CannaRateIt-Dev.plist";
				LD_RUNPATH_SEARCH_PATHS = (
					"$(inherited)",
					"@executable_path/Frameworks",
				);
				PRODUCT_BUNDLE_IDENTIFIER = com.yooniverse.CannaRateIt.CannaRateIt;
				PRODUCT_NAME = "$(TARGET_NAME)";
				SWIFT_VERSION = 4.0;
				TARGETED_DEVICE_FAMILY = "1,2";
			};
			name = Debug;
		};
		B4D85792214DCFBA00EDDA73 /* Release */ = {
			isa = XCBuildConfiguration;
			baseConfigurationReference = B4AEDB7B217BAE8D00C99054 /* CannaRateIt-Prod.xcconfig */;
			buildSettings = {
				ASSETCATALOG_COMPILER_APPICON_NAME = AppIcon;
				CODE_SIGN_STYLE = Automatic;
				DEVELOPMENT_TEAM = SRYM53R5XT;
				INFOPLIST_FILE = "CannaRateIt/CannaRateIt-Prod.plist";
				LD_RUNPATH_SEARCH_PATHS = (
					"$(inherited)",
					"@executable_path/Frameworks",
				);
				PRODUCT_BUNDLE_IDENTIFIER = com.yooniverse.CannaRateIt.CannaRateIt;
				PRODUCT_NAME = "$(TARGET_NAME)";
				SWIFT_VERSION = 4.0;
				TARGETED_DEVICE_FAMILY = "1,2";
			};
			name = Release;
		};
		B4D85794214DCFBA00EDDA73 /* Debug */ = {
			isa = XCBuildConfiguration;
			baseConfigurationReference = B4AEDB77217BACD500C99054 /* CannaRateIt-Dev.xcconfig */;
			buildSettings = {
				ALWAYS_EMBED_SWIFT_STANDARD_LIBRARIES = YES;
				BUNDLE_LOADER = "$(TEST_HOST)";
				CODE_SIGN_STYLE = Automatic;
				INFOPLIST_FILE = CannaRateItTests/Info.plist;
				LD_RUNPATH_SEARCH_PATHS = (
					"$(inherited)",
					"@executable_path/Frameworks",
					"@loader_path/Frameworks",
				);
				PRODUCT_BUNDLE_IDENTIFIER = com.yooniverse.CannaRateIt.CannaRateItTests;
				PRODUCT_NAME = "$(TARGET_NAME)";
				SWIFT_VERSION = 4.0;
				TARGETED_DEVICE_FAMILY = "1,2";
				TEST_HOST = "$(BUILT_PRODUCTS_DIR)/CannaRateIt.app/CannaRateIt";
			};
			name = Debug;
		};
		B4D85795214DCFBA00EDDA73 /* Release */ = {
			isa = XCBuildConfiguration;
			baseConfigurationReference = B4AEDB7B217BAE8D00C99054 /* CannaRateIt-Prod.xcconfig */;
			buildSettings = {
				ALWAYS_EMBED_SWIFT_STANDARD_LIBRARIES = YES;
				BUNDLE_LOADER = "$(TEST_HOST)";
				CODE_SIGN_STYLE = Automatic;
				INFOPLIST_FILE = CannaRateItTests/Info.plist;
				LD_RUNPATH_SEARCH_PATHS = (
					"$(inherited)",
					"@executable_path/Frameworks",
					"@loader_path/Frameworks",
				);
				PRODUCT_BUNDLE_IDENTIFIER = com.yooniverse.CannaRateIt.CannaRateItTests;
				PRODUCT_NAME = "$(TARGET_NAME)";
				SWIFT_VERSION = 4.0;
				TARGETED_DEVICE_FAMILY = "1,2";
				TEST_HOST = "$(BUILT_PRODUCTS_DIR)/CannaRateIt.app/CannaRateIt";
			};
			name = Release;
		};
		B4D85797214DCFBA00EDDA73 /* Debug */ = {
			isa = XCBuildConfiguration;
			baseConfigurationReference = B4AEDB77217BACD500C99054 /* CannaRateIt-Dev.xcconfig */;
			buildSettings = {
				ALWAYS_EMBED_SWIFT_STANDARD_LIBRARIES = YES;
				CODE_SIGN_STYLE = Automatic;
				INFOPLIST_FILE = CannaRateItUITests/Info.plist;
				LD_RUNPATH_SEARCH_PATHS = (
					"$(inherited)",
					"@executable_path/Frameworks",
					"@loader_path/Frameworks",
				);
				PRODUCT_BUNDLE_IDENTIFIER = com.yooniverse.CannaRateIt.CannaRateItUITests;
				PRODUCT_NAME = "$(TARGET_NAME)";
				SWIFT_VERSION = 4.0;
				TARGETED_DEVICE_FAMILY = "1,2";
				TEST_TARGET_NAME = CannaRateIt;
			};
			name = Debug;
		};
		B4D85798214DCFBA00EDDA73 /* Release */ = {
			isa = XCBuildConfiguration;
			baseConfigurationReference = B4AEDB7B217BAE8D00C99054 /* CannaRateIt-Prod.xcconfig */;
			buildSettings = {
				ALWAYS_EMBED_SWIFT_STANDARD_LIBRARIES = YES;
				CODE_SIGN_STYLE = Automatic;
				INFOPLIST_FILE = CannaRateItUITests/Info.plist;
				LD_RUNPATH_SEARCH_PATHS = (
					"$(inherited)",
					"@executable_path/Frameworks",
					"@loader_path/Frameworks",
				);
				PRODUCT_BUNDLE_IDENTIFIER = com.yooniverse.CannaRateIt.CannaRateItUITests;
				PRODUCT_NAME = "$(TARGET_NAME)";
				SWIFT_VERSION = 4.0;
				TARGETED_DEVICE_FAMILY = "1,2";
				TEST_TARGET_NAME = CannaRateIt;
			};
			name = Release;
		};
/* End XCBuildConfiguration section */

/* Begin XCConfigurationList section */
		B4D85760214DCFB800EDDA73 /* Build configuration list for PBXProject "CannaRateIt" */ = {
			isa = XCConfigurationList;
			buildConfigurations = (
				B4D8578E214DCFBA00EDDA73 /* Debug */,
				B4AEDB73217BABCF00C99054 /* Staging */,
				B4D8578F214DCFBA00EDDA73 /* Release */,
			);
			defaultConfigurationIsVisible = 0;
			defaultConfigurationName = Release;
		};
		B4D85790214DCFBA00EDDA73 /* Build configuration list for PBXNativeTarget "CannaRateIt" */ = {
			isa = XCConfigurationList;
			buildConfigurations = (
				B4D85791214DCFBA00EDDA73 /* Debug */,
				B4AEDB74217BABCF00C99054 /* Staging */,
				B4D85792214DCFBA00EDDA73 /* Release */,
			);
			defaultConfigurationIsVisible = 0;
			defaultConfigurationName = Release;
		};
		B4D85793214DCFBA00EDDA73 /* Build configuration list for PBXNativeTarget "CannaRateItTests" */ = {
			isa = XCConfigurationList;
			buildConfigurations = (
				B4D85794214DCFBA00EDDA73 /* Debug */,
				B4AEDB75217BABCF00C99054 /* Staging */,
				B4D85795214DCFBA00EDDA73 /* Release */,
			);
			defaultConfigurationIsVisible = 0;
			defaultConfigurationName = Release;
		};
		B4D85796214DCFBA00EDDA73 /* Build configuration list for PBXNativeTarget "CannaRateItUITests" */ = {
			isa = XCConfigurationList;
			buildConfigurations = (
				B4D85797214DCFBA00EDDA73 /* Debug */,
				B4AEDB76217BABCF00C99054 /* Staging */,
				B4D85798214DCFBA00EDDA73 /* Release */,
			);
			defaultConfigurationIsVisible = 0;
			defaultConfigurationName = Release;
		};
/* End XCConfigurationList section */

/* Begin XCVersionGroup section */
		B4D8576F214DCFB800EDDA73 /* CannaRateIt.xcdatamodeld */ = {
			isa = XCVersionGroup;
			children = (
				B4D85770214DCFB800EDDA73 /* CannaRateIt.xcdatamodel */,
			);
			currentVersion = B4D85770214DCFB800EDDA73 /* CannaRateIt.xcdatamodel */;
			path = CannaRateIt.xcdatamodeld;
			sourceTree = "<group>";
			versionGroupType = wrapper.xcdatamodel;
		};
/* End XCVersionGroup section */
	};
	rootObject = B4D8575D214DCFB800EDDA73 /* Project object */;
}
